// !$*UTF8*$!
{
	archiveVersion = 1;
	classes = {
	};
	objectVersion = 46;
	objects = {

/* Begin PBXBuildFile section */
		0C8EE9ED1D114CF70091629E /* LoadingViewTestController.swift in Sources */ = {isa = PBXBuildFile; fileRef = 0C8EE9EC1D114CF70091629E /* LoadingViewTestController.swift */; };
		0C8EE9EF1D1150830091629E /* LoadingViewPageViewController.swift in Sources */ = {isa = PBXBuildFile; fileRef = 0C8EE9EE1D1150830091629E /* LoadingViewPageViewController.swift */; };
		3009931742FF22BD09B706FA /* Pods_ADLoadingViewSample_Apps_ADLoadingViewSample.framework in Frameworks */ = {isa = PBXBuildFile; fileRef = DD7E46DAAFE4D09C8BAECC97 /* Pods_ADLoadingViewSample_Apps_ADLoadingViewSample.framework */; };
		47E17214F9A4009CF12359D7 /* Pods_ADLoadingViewSampleTests.framework in Frameworks */ = {isa = PBXBuildFile; fileRef = D06C6332AC4E8FBA4930E980 /* Pods_ADLoadingViewSampleTests.framework */; };
		49B1F7811CE4B3DB00A29BFE /* ADLoadingViewSampleTests.swift in Sources */ = {isa = PBXBuildFile; fileRef = 49B1F7801CE4B3DB00A29BFE /* ADLoadingViewSampleTests.swift */; };
		57C59D681BB1478A003798DF /* Images.xcassets in Resources */ = {isa = PBXBuildFile; fileRef = 57C59D671BB1478A003798DF /* Images.xcassets */; };
		57C59D6A1BB1486B003798DF /* LaunchScreen.storyboard in Resources */ = {isa = PBXBuildFile; fileRef = 57C59D691BB1486B003798DF /* LaunchScreen.storyboard */; };
		57E1CD281C884F1C00A7DFFB /* SharedViewController.swift in Sources */ = {isa = PBXBuildFile; fileRef = 57E1CD271C884F1C00A7DFFB /* SharedViewController.swift */; };
		57E1CD491C884F8900A7DFFB /* AppDelegate.swift in Sources */ = {isa = PBXBuildFile; fileRef = 57E1CD481C884F8900A7DFFB /* AppDelegate.swift */; };
		57E1CD4B1C8852FC00A7DFFB /* Color.swift in Sources */ = {isa = PBXBuildFile; fileRef = 57E1CD4A1C8852FC00A7DFFB /* Color.swift */; };
		57E1CD4D1C8890CA00A7DFFB /* Fonts.swift in Sources */ = {isa = PBXBuildFile; fileRef = 57E1CD4C1C8890CA00A7DFFB /* Fonts.swift */; };
		57F7ECC41BB0042D0095AEEC /* Localizable.strings in Resources */ = {isa = PBXBuildFile; fileRef = 57F7ECC31BB0042D0095AEEC /* Localizable.strings */; };
		57F7ECC61BB004510095AEEC /* InfoPlist.strings in Resources */ = {isa = PBXBuildFile; fileRef = 57F7ECC51BB004500095AEEC /* InfoPlist.strings */; };
		6FE3EFEB1A6D3ABA007A4AD5 /* ADTargetSettings.m in Sources */ = {isa = PBXBuildFile; fileRef = 6FE3EFEA1A6D3ABA007A4AD5 /* ADTargetSettings.m */; };
		7A0EC6541535D8ED00E5F54A /* UIKit.framework in Frameworks */ = {isa = PBXBuildFile; fileRef = 7A0EC6531535D8ED00E5F54A /* UIKit.framework */; };
		7A0EC6561535D8ED00E5F54A /* Foundation.framework in Frameworks */ = {isa = PBXBuildFile; fileRef = 7A0EC6551535D8ED00E5F54A /* Foundation.framework */; };
		7A0EC6581535D8ED00E5F54A /* CoreGraphics.framework in Frameworks */ = {isa = PBXBuildFile; fileRef = 7A0EC6571535D8ED00E5F54A /* CoreGraphics.framework */; };
		86CD10876783D54F426C7816 /* Pods_ADLoadingViewSample_Apps_ADLoadingViewSample_TV.framework in Frameworks */ = {isa = PBXBuildFile; fileRef = D951AA3C39081C04A9E12CB5 /* Pods_ADLoadingViewSample_Apps_ADLoadingViewSample_TV.framework */; };
		EC1DBFE21D3535E80095CF04 /* AppDelegate.swift in Sources */ = {isa = PBXBuildFile; fileRef = 57E1CD481C884F8900A7DFFB /* AppDelegate.swift */; };
		EC1DBFE31D3535E80095CF04 /* Color.swift in Sources */ = {isa = PBXBuildFile; fileRef = 57E1CD4A1C8852FC00A7DFFB /* Color.swift */; };
		EC1DBFE41D3535E80095CF04 /* Fonts.swift in Sources */ = {isa = PBXBuildFile; fileRef = 57E1CD4C1C8890CA00A7DFFB /* Fonts.swift */; };
		EC1DBFE51D3535E80095CF04 /* LoadingViewTestController.swift in Sources */ = {isa = PBXBuildFile; fileRef = 0C8EE9EC1D114CF70091629E /* LoadingViewTestController.swift */; };
		EC1DBFE61D3535E80095CF04 /* LoadingViewPageViewController.swift in Sources */ = {isa = PBXBuildFile; fileRef = 0C8EE9EE1D1150830091629E /* LoadingViewPageViewController.swift */; };
		EC1DBFE71D3535EE0095CF04 /* ADTargetSettings.m in Sources */ = {isa = PBXBuildFile; fileRef = 6FE3EFEA1A6D3ABA007A4AD5 /* ADTargetSettings.m */; };
		EC1DBFEF1D3536400095CF04 /* ADLoadingViewSample_TV-Info.plist in Resources */ = {isa = PBXBuildFile; fileRef = EC1DBFE91D3536400095CF04 /* ADLoadingViewSample_TV-Info.plist */; };
		EC1DBFF01D3536400095CF04 /* ADLoadingViewSample_TV-Info_Defaults.plist in Resources */ = {isa = PBXBuildFile; fileRef = EC1DBFEA1D3536400095CF04 /* ADLoadingViewSample_TV-Info_Defaults.plist */; };
		EC1DBFF11D3536400095CF04 /* ADLoadingViewSample_TV-Info_Distribution.plist in Resources */ = {isa = PBXBuildFile; fileRef = EC1DBFEB1D3536400095CF04 /* ADLoadingViewSample_TV-Info_Distribution.plist */; };
		EC1DBFF21D3536400095CF04 /* ADLoadingViewSample_TV-Info_Preproduction.plist in Resources */ = {isa = PBXBuildFile; fileRef = EC1DBFEC1D3536400095CF04 /* ADLoadingViewSample_TV-Info_Preproduction.plist */; };
		EC1DBFF31D3536400095CF04 /* ADLoadingViewSample_TV-Info_Production.plist in Resources */ = {isa = PBXBuildFile; fileRef = EC1DBFED1D3536400095CF04 /* ADLoadingViewSample_TV-Info_Production.plist */; };
		EC1DBFF41D3536400095CF04 /* ADLoadingViewSample_TV-Info_Stubs.plist in Resources */ = {isa = PBXBuildFile; fileRef = EC1DBFEE1D3536400095CF04 /* ADLoadingViewSample_TV-Info_Stubs.plist */; };
		EC1DBFF51D3536AF0095CF04 /* Images.xcassets in Resources */ = {isa = PBXBuildFile; fileRef = 57C59D671BB1478A003798DF /* Images.xcassets */; };
/* End PBXBuildFile section */

/* Begin PBXContainerItemProxy section */
		49B1F7831CE4B3DB00A29BFE /* PBXContainerItemProxy */ = {
			isa = PBXContainerItemProxy;
			containerPortal = 7A0EC6461535D8ED00E5F54A /* Project object */;
			proxyType = 1;
			remoteGlobalIDString = 7A0EC64E1535D8ED00E5F54A;
			remoteInfo = ADLoadingViewSample;
		};
/* End PBXContainerItemProxy section */

/* Begin PBXFileReference section */
		008281FFE9505E405FA078AD /* Pods-ADLoadingViewSample_Apps-ADLoadingViewSample_TV.preproduction.xcconfig */ = {isa = PBXFileReference; includeInIndex = 1; lastKnownFileType = text.xcconfig; name = "Pods-ADLoadingViewSample_Apps-ADLoadingViewSample_TV.preproduction.xcconfig"; path = "Pods/Target Support Files/Pods-ADLoadingViewSample_Apps-ADLoadingViewSample_TV/Pods-ADLoadingViewSample_Apps-ADLoadingViewSample_TV.preproduction.xcconfig"; sourceTree = "<group>"; };
		08411AEAF625777CD0D6A123 /* Pods_ADLoadingViewSample.framework */ = {isa = PBXFileReference; explicitFileType = wrapper.framework; includeInIndex = 0; path = Pods_ADLoadingViewSample.framework; sourceTree = BUILT_PRODUCTS_DIR; };
		0C8EE9EC1D114CF70091629E /* LoadingViewTestController.swift */ = {isa = PBXFileReference; fileEncoding = 4; lastKnownFileType = sourcecode.swift; path = LoadingViewTestController.swift; sourceTree = "<group>"; };
		0C8EE9EE1D1150830091629E /* LoadingViewPageViewController.swift */ = {isa = PBXFileReference; fileEncoding = 4; lastKnownFileType = sourcecode.swift; path = LoadingViewPageViewController.swift; sourceTree = "<group>"; };
		0F0C2A2768ED0E0B52C95B01 /* Pods-ADLoadingViewSample_Apps-ADLoadingViewSample_TV.stubs.xcconfig */ = {isa = PBXFileReference; includeInIndex = 1; lastKnownFileType = text.xcconfig; name = "Pods-ADLoadingViewSample_Apps-ADLoadingViewSample_TV.stubs.xcconfig"; path = "Pods/Target Support Files/Pods-ADLoadingViewSample_Apps-ADLoadingViewSample_TV/Pods-ADLoadingViewSample_Apps-ADLoadingViewSample_TV.stubs.xcconfig"; sourceTree = "<group>"; };
		147C172E570244B76E9A8609 /* Pods-ADLoadingViewSample.preproduction.xcconfig */ = {isa = PBXFileReference; includeInIndex = 1; lastKnownFileType = text.xcconfig; name = "Pods-ADLoadingViewSample.preproduction.xcconfig"; path = "Pods/Target Support Files/Pods-ADLoadingViewSample/Pods-ADLoadingViewSample.preproduction.xcconfig"; sourceTree = "<group>"; };
		32D3D6308F00B6B8059A24E8 /* Pods-ADLoadingViewSampleTests.production.xcconfig */ = {isa = PBXFileReference; includeInIndex = 1; lastKnownFileType = text.xcconfig; name = "Pods-ADLoadingViewSampleTests.production.xcconfig"; path = "Pods/Target Support Files/Pods-ADLoadingViewSampleTests/Pods-ADLoadingViewSampleTests.production.xcconfig"; sourceTree = "<group>"; };
		4131DA2D9333046F6E9F313E /* Pods-ADLoadingViewSampleTests.distribution.xcconfig */ = {isa = PBXFileReference; includeInIndex = 1; lastKnownFileType = text.xcconfig; name = "Pods-ADLoadingViewSampleTests.distribution.xcconfig"; path = "Pods/Target Support Files/Pods-ADLoadingViewSampleTests/Pods-ADLoadingViewSampleTests.distribution.xcconfig"; sourceTree = "<group>"; };
		49B1F77E1CE4B3DB00A29BFE /* ADLoadingViewSampleTests.xctest */ = {isa = PBXFileReference; explicitFileType = wrapper.cfbundle; includeInIndex = 0; path = ADLoadingViewSampleTests.xctest; sourceTree = BUILT_PRODUCTS_DIR; };
		49B1F7801CE4B3DB00A29BFE /* ADLoadingViewSampleTests.swift */ = {isa = PBXFileReference; lastKnownFileType = sourcecode.swift; path = ADLoadingViewSampleTests.swift; sourceTree = "<group>"; };
		49B1F7821CE4B3DB00A29BFE /* Info.plist */ = {isa = PBXFileReference; lastKnownFileType = text.plist.xml; path = Info.plist; sourceTree = "<group>"; };
		4A08E56FF1A2E6E1D873D90F /* Pods-ADLoadingViewSample.production.xcconfig */ = {isa = PBXFileReference; includeInIndex = 1; lastKnownFileType = text.xcconfig; name = "Pods-ADLoadingViewSample.production.xcconfig"; path = "Pods/Target Support Files/Pods-ADLoadingViewSample/Pods-ADLoadingViewSample.production.xcconfig"; sourceTree = "<group>"; };
		50EAC524C507CF75287AC9D5 /* Pods-ADLoadingViewSample_Apps-ADLoadingViewSample.production.xcconfig */ = {isa = PBXFileReference; includeInIndex = 1; lastKnownFileType = text.xcconfig; name = "Pods-ADLoadingViewSample_Apps-ADLoadingViewSample.production.xcconfig"; path = "Pods/Target Support Files/Pods-ADLoadingViewSample_Apps-ADLoadingViewSample/Pods-ADLoadingViewSample_Apps-ADLoadingViewSample.production.xcconfig"; sourceTree = "<group>"; };
		57C59D671BB1478A003798DF /* Images.xcassets */ = {isa = PBXFileReference; lastKnownFileType = folder.assetcatalog; path = Images.xcassets; sourceTree = "<group>"; };
		57C59D691BB1486B003798DF /* LaunchScreen.storyboard */ = {isa = PBXFileReference; fileEncoding = 4; lastKnownFileType = file.storyboard; path = LaunchScreen.storyboard; sourceTree = "<group>"; };
		57E1CD271C884F1C00A7DFFB /* SharedViewController.swift */ = {isa = PBXFileReference; fileEncoding = 4; lastKnownFileType = sourcecode.swift; path = SharedViewController.swift; sourceTree = "<group>"; };
		57E1CD291C884F3000A7DFFB /* ADLoadingViewSample-Bridging-Header.h */ = {isa = PBXFileReference; fileEncoding = 4; lastKnownFileType = sourcecode.c.h; name = "ADLoadingViewSample-Bridging-Header.h"; path = "Classes/ADLoadingViewSample-Bridging-Header.h"; sourceTree = SOURCE_ROOT; };
		57E1CD481C884F8900A7DFFB /* AppDelegate.swift */ = {isa = PBXFileReference; fileEncoding = 4; lastKnownFileType = sourcecode.swift; path = AppDelegate.swift; sourceTree = "<group>"; };
		57E1CD4A1C8852FC00A7DFFB /* Color.swift */ = {isa = PBXFileReference; fileEncoding = 4; lastKnownFileType = sourcecode.swift; path = Color.swift; sourceTree = "<group>"; };
		57E1CD4C1C8890CA00A7DFFB /* Fonts.swift */ = {isa = PBXFileReference; fileEncoding = 4; lastKnownFileType = sourcecode.swift; path = Fonts.swift; sourceTree = "<group>"; };
		57F7ECC31BB0042D0095AEEC /* Localizable.strings */ = {isa = PBXFileReference; fileEncoding = 4; lastKnownFileType = text.plist.strings; path = Localizable.strings; sourceTree = "<group>"; };
		57F7ECC51BB004500095AEEC /* InfoPlist.strings */ = {isa = PBXFileReference; fileEncoding = 4; lastKnownFileType = text.plist.strings; path = InfoPlist.strings; sourceTree = "<group>"; };
		6934AA1321EDDFE5351F1FE5 /* Pods-ADLoadingViewSample_Apps-ADLoadingViewSample.stubs.xcconfig */ = {isa = PBXFileReference; includeInIndex = 1; lastKnownFileType = text.xcconfig; name = "Pods-ADLoadingViewSample_Apps-ADLoadingViewSample.stubs.xcconfig"; path = "Pods/Target Support Files/Pods-ADLoadingViewSample_Apps-ADLoadingViewSample/Pods-ADLoadingViewSample_Apps-ADLoadingViewSample.stubs.xcconfig"; sourceTree = "<group>"; };
		6E6A3AE8E44734C6530AC046 /* Pods-ADLoadingViewSample.distribution.xcconfig */ = {isa = PBXFileReference; includeInIndex = 1; lastKnownFileType = text.xcconfig; name = "Pods-ADLoadingViewSample.distribution.xcconfig"; path = "Pods/Target Support Files/Pods-ADLoadingViewSample/Pods-ADLoadingViewSample.distribution.xcconfig"; sourceTree = "<group>"; };
		6FE3EFE91A6D3ABA007A4AD5 /* ADTargetSettings.h */ = {isa = PBXFileReference; fileEncoding = 4; lastKnownFileType = sourcecode.c.h; path = ADTargetSettings.h; sourceTree = "<group>"; };
		6FE3EFEA1A6D3ABA007A4AD5 /* ADTargetSettings.m */ = {isa = PBXFileReference; fileEncoding = 4; lastKnownFileType = sourcecode.c.objc; path = ADTargetSettings.m; sourceTree = "<group>"; };
		7A0EC64F1535D8ED00E5F54A /* AD Stubs.app */ = {isa = PBXFileReference; explicitFileType = wrapper.application; includeInIndex = 0; path = "AD Stubs.app"; sourceTree = BUILT_PRODUCTS_DIR; };
		7A0EC6531535D8ED00E5F54A /* UIKit.framework */ = {isa = PBXFileReference; lastKnownFileType = wrapper.framework; name = UIKit.framework; path = System/Library/Frameworks/UIKit.framework; sourceTree = SDKROOT; };
		7A0EC6551535D8ED00E5F54A /* Foundation.framework */ = {isa = PBXFileReference; lastKnownFileType = wrapper.framework; name = Foundation.framework; path = System/Library/Frameworks/Foundation.framework; sourceTree = SDKROOT; };
		7A0EC6571535D8ED00E5F54A /* CoreGraphics.framework */ = {isa = PBXFileReference; lastKnownFileType = wrapper.framework; name = CoreGraphics.framework; path = System/Library/Frameworks/CoreGraphics.framework; sourceTree = SDKROOT; };
		7A189F921535FD5C00A22149 /* ADLoadingViewSample-Prefix.pch */ = {isa = PBXFileReference; fileEncoding = 4; lastKnownFileType = sourcecode.c.h; path = "ADLoadingViewSample-Prefix.pch"; sourceTree = SOURCE_ROOT; };
		8E7E07521F0A73EF74ECCA3D /* Pods-ADLoadingViewSample_Apps-ADLoadingViewSample.distribution.xcconfig */ = {isa = PBXFileReference; includeInIndex = 1; lastKnownFileType = text.xcconfig; name = "Pods-ADLoadingViewSample_Apps-ADLoadingViewSample.distribution.xcconfig"; path = "Pods/Target Support Files/Pods-ADLoadingViewSample_Apps-ADLoadingViewSample/Pods-ADLoadingViewSample_Apps-ADLoadingViewSample.distribution.xcconfig"; sourceTree = "<group>"; };
		9C9220CDCE8C495437E023DB /* Pods-ADLoadingViewSampleTests.stubs.xcconfig */ = {isa = PBXFileReference; includeInIndex = 1; lastKnownFileType = text.xcconfig; name = "Pods-ADLoadingViewSampleTests.stubs.xcconfig"; path = "Pods/Target Support Files/Pods-ADLoadingViewSampleTests/Pods-ADLoadingViewSampleTests.stubs.xcconfig"; sourceTree = "<group>"; };
		A025C46E69C496D305E99A39 /* Pods-ADLoadingViewSample_Apps-ADLoadingViewSample_TV.distribution.xcconfig */ = {isa = PBXFileReference; includeInIndex = 1; lastKnownFileType = text.xcconfig; name = "Pods-ADLoadingViewSample_Apps-ADLoadingViewSample_TV.distribution.xcconfig"; path = "Pods/Target Support Files/Pods-ADLoadingViewSample_Apps-ADLoadingViewSample_TV/Pods-ADLoadingViewSample_Apps-ADLoadingViewSample_TV.distribution.xcconfig"; sourceTree = "<group>"; };
		B9FEF56F25C08D1BCB08845E /* Pods-ADLoadingViewSample_Apps-ADLoadingViewSample.preproduction.xcconfig */ = {isa = PBXFileReference; includeInIndex = 1; lastKnownFileType = text.xcconfig; name = "Pods-ADLoadingViewSample_Apps-ADLoadingViewSample.preproduction.xcconfig"; path = "Pods/Target Support Files/Pods-ADLoadingViewSample_Apps-ADLoadingViewSample/Pods-ADLoadingViewSample_Apps-ADLoadingViewSample.preproduction.xcconfig"; sourceTree = "<group>"; };
		D06C6332AC4E8FBA4930E980 /* Pods_ADLoadingViewSampleTests.framework */ = {isa = PBXFileReference; explicitFileType = wrapper.framework; includeInIndex = 0; path = Pods_ADLoadingViewSampleTests.framework; sourceTree = BUILT_PRODUCTS_DIR; };
		D951AA3C39081C04A9E12CB5 /* Pods_ADLoadingViewSample_Apps_ADLoadingViewSample_TV.framework */ = {isa = PBXFileReference; explicitFileType = wrapper.framework; includeInIndex = 0; path = Pods_ADLoadingViewSample_Apps_ADLoadingViewSample_TV.framework; sourceTree = BUILT_PRODUCTS_DIR; };
		DD7E46DAAFE4D09C8BAECC97 /* Pods_ADLoadingViewSample_Apps_ADLoadingViewSample.framework */ = {isa = PBXFileReference; explicitFileType = wrapper.framework; includeInIndex = 0; path = Pods_ADLoadingViewSample_Apps_ADLoadingViewSample.framework; sourceTree = BUILT_PRODUCTS_DIR; };
		EC1DBFCC1D3535C20095CF04 /* ADLoadingViewSample_TV.app */ = {isa = PBXFileReference; explicitFileType = wrapper.application; includeInIndex = 0; path = ADLoadingViewSample_TV.app; sourceTree = BUILT_PRODUCTS_DIR; };
		EC1DBFE91D3536400095CF04 /* ADLoadingViewSample_TV-Info.plist */ = {isa = PBXFileReference; fileEncoding = 4; lastKnownFileType = text.plist.xml; path = "ADLoadingViewSample_TV-Info.plist"; sourceTree = "<group>"; };
		EC1DBFEA1D3536400095CF04 /* ADLoadingViewSample_TV-Info_Defaults.plist */ = {isa = PBXFileReference; fileEncoding = 4; lastKnownFileType = text.plist.xml; path = "ADLoadingViewSample_TV-Info_Defaults.plist"; sourceTree = "<group>"; };
		EC1DBFEB1D3536400095CF04 /* ADLoadingViewSample_TV-Info_Distribution.plist */ = {isa = PBXFileReference; fileEncoding = 4; lastKnownFileType = text.plist.xml; path = "ADLoadingViewSample_TV-Info_Distribution.plist"; sourceTree = "<group>"; };
		EC1DBFEC1D3536400095CF04 /* ADLoadingViewSample_TV-Info_Preproduction.plist */ = {isa = PBXFileReference; fileEncoding = 4; lastKnownFileType = text.plist.xml; path = "ADLoadingViewSample_TV-Info_Preproduction.plist"; sourceTree = "<group>"; };
		EC1DBFED1D3536400095CF04 /* ADLoadingViewSample_TV-Info_Production.plist */ = {isa = PBXFileReference; fileEncoding = 4; lastKnownFileType = text.plist.xml; path = "ADLoadingViewSample_TV-Info_Production.plist"; sourceTree = "<group>"; };
		EC1DBFEE1D3536400095CF04 /* ADLoadingViewSample_TV-Info_Stubs.plist */ = {isa = PBXFileReference; fileEncoding = 4; lastKnownFileType = text.plist.xml; path = "ADLoadingViewSample_TV-Info_Stubs.plist"; sourceTree = "<group>"; };
		ED024FBADECD5B63F5D650B5 /* Pods-ADLoadingViewSample_Apps-ADLoadingViewSample_TV.production.xcconfig */ = {isa = PBXFileReference; includeInIndex = 1; lastKnownFileType = text.xcconfig; name = "Pods-ADLoadingViewSample_Apps-ADLoadingViewSample_TV.production.xcconfig"; path = "Pods/Target Support Files/Pods-ADLoadingViewSample_Apps-ADLoadingViewSample_TV/Pods-ADLoadingViewSample_Apps-ADLoadingViewSample_TV.production.xcconfig"; sourceTree = "<group>"; };
		F58BBA250BE675C419ED2946 /* Pods-ADLoadingViewSampleTests.preproduction.xcconfig */ = {isa = PBXFileReference; includeInIndex = 1; lastKnownFileType = text.xcconfig; name = "Pods-ADLoadingViewSampleTests.preproduction.xcconfig"; path = "Pods/Target Support Files/Pods-ADLoadingViewSampleTests/Pods-ADLoadingViewSampleTests.preproduction.xcconfig"; sourceTree = "<group>"; };
		F83B92161A7A8CCF009E7ADF /* Defaults-Info_Defaults.plist */ = {isa = PBXFileReference; fileEncoding = 4; lastKnownFileType = text.plist.xml; path = "Defaults-Info_Defaults.plist"; sourceTree = "<group>"; };
		F83B92171A7A8CCF009E7ADF /* Defaults-Info_Distribution.plist */ = {isa = PBXFileReference; fileEncoding = 4; lastKnownFileType = text.plist.xml; path = "Defaults-Info_Distribution.plist"; sourceTree = "<group>"; };
		F83B92181A7A8CCF009E7ADF /* Defaults-Info_Preproduction.plist */ = {isa = PBXFileReference; fileEncoding = 4; lastKnownFileType = text.plist.xml; path = "Defaults-Info_Preproduction.plist"; sourceTree = "<group>"; };
		F83B92191A7A8CCF009E7ADF /* Defaults-Info_Production.plist */ = {isa = PBXFileReference; fileEncoding = 4; lastKnownFileType = text.plist.xml; path = "Defaults-Info_Production.plist"; sourceTree = "<group>"; };
		F83B921A1A7A8CCF009E7ADF /* Defaults-Info_Stubs.plist */ = {isa = PBXFileReference; fileEncoding = 4; lastKnownFileType = text.plist.xml; path = "Defaults-Info_Stubs.plist"; sourceTree = "<group>"; };
		F83B921C1A7A8CCF009E7ADF /* ADLoadingViewSample-Info_Defaults.plist */ = {isa = PBXFileReference; fileEncoding = 4; lastKnownFileType = text.plist.xml; path = "ADLoadingViewSample-Info_Defaults.plist"; sourceTree = "<group>"; };
		F83B921D1A7A8CCF009E7ADF /* ADLoadingViewSample-Info_Distribution.plist */ = {isa = PBXFileReference; fileEncoding = 4; lastKnownFileType = text.plist.xml; path = "ADLoadingViewSample-Info_Distribution.plist"; sourceTree = "<group>"; };
		F83B921E1A7A8CCF009E7ADF /* ADLoadingViewSample-Info_Preproduction.plist */ = {isa = PBXFileReference; fileEncoding = 4; lastKnownFileType = text.plist.xml; path = "ADLoadingViewSample-Info_Preproduction.plist"; sourceTree = "<group>"; };
		F83B921F1A7A8CCF009E7ADF /* ADLoadingViewSample-Info_Production.plist */ = {isa = PBXFileReference; fileEncoding = 4; lastKnownFileType = text.plist.xml; path = "ADLoadingViewSample-Info_Production.plist"; sourceTree = "<group>"; };
		F83B92201A7A8CCF009E7ADF /* ADLoadingViewSample-Info_Stubs.plist */ = {isa = PBXFileReference; fileEncoding = 4; lastKnownFileType = text.plist.xml; path = "ADLoadingViewSample-Info_Stubs.plist"; sourceTree = "<group>"; };
		F83B922D1A7A8D04009E7ADF /* ADLoadingViewSample-Info.plist */ = {isa = PBXFileReference; fileEncoding = 4; lastKnownFileType = text.plist.xml; path = "ADLoadingViewSample-Info.plist"; sourceTree = "<group>"; };
		FBD4BCB796711E590FFB6FC9 /* Pods-ADLoadingViewSample.stubs.xcconfig */ = {isa = PBXFileReference; includeInIndex = 1; lastKnownFileType = text.xcconfig; name = "Pods-ADLoadingViewSample.stubs.xcconfig"; path = "Pods/Target Support Files/Pods-ADLoadingViewSample/Pods-ADLoadingViewSample.stubs.xcconfig"; sourceTree = "<group>"; };
/* End PBXFileReference section */

/* Begin PBXFrameworksBuildPhase section */
		49B1F77B1CE4B3DB00A29BFE /* Frameworks */ = {
			isa = PBXFrameworksBuildPhase;
			buildActionMask = 2147483647;
			files = (
				47E17214F9A4009CF12359D7 /* Pods_ADLoadingViewSampleTests.framework in Frameworks */,
			);
			runOnlyForDeploymentPostprocessing = 0;
		};
		7A0EC64C1535D8ED00E5F54A /* Frameworks */ = {
			isa = PBXFrameworksBuildPhase;
			buildActionMask = 2147483647;
			files = (
				7A0EC6541535D8ED00E5F54A /* UIKit.framework in Frameworks */,
				7A0EC6561535D8ED00E5F54A /* Foundation.framework in Frameworks */,
				7A0EC6581535D8ED00E5F54A /* CoreGraphics.framework in Frameworks */,
				3009931742FF22BD09B706FA /* Pods_ADLoadingViewSample_Apps_ADLoadingViewSample.framework in Frameworks */,
			);
			runOnlyForDeploymentPostprocessing = 0;
		};
		EC1DBFC91D3535C20095CF04 /* Frameworks */ = {
			isa = PBXFrameworksBuildPhase;
			buildActionMask = 2147483647;
			files = (
				86CD10876783D54F426C7816 /* Pods_ADLoadingViewSample_Apps_ADLoadingViewSample_TV.framework in Frameworks */,
			);
			runOnlyForDeploymentPostprocessing = 0;
		};
/* End PBXFrameworksBuildPhase section */

/* Begin PBXGroup section */
		49B1F77F1CE4B3DB00A29BFE /* ADLoadingViewSampleTests */ = {
			isa = PBXGroup;
			children = (
				49B1F7801CE4B3DB00A29BFE /* ADLoadingViewSampleTests.swift */,
				49B1F7821CE4B3DB00A29BFE /* Info.plist */,
			);
			path = ADLoadingViewSampleTests;
			sourceTree = "<group>";
		};
		57C59D6B1BB14A56003798DF /* Model */ = {
			isa = PBXGroup;
			children = (
			);
			name = Model;
			sourceTree = "<group>";
		};
		57C59D6C1BB14A62003798DF /* Controller */ = {
			isa = PBXGroup;
			children = (
				57C59D6E1BB14A76003798DF /* Shared */,
				0C8EE9EC1D114CF70091629E /* LoadingViewTestController.swift */,
				0C8EE9EE1D1150830091629E /* LoadingViewPageViewController.swift */,
			);
			name = Controller;
			sourceTree = "<group>";
		};
		57C59D6D1BB14A64003798DF /* View */ = {
			isa = PBXGroup;
			children = (
			);
			name = View;
			sourceTree = "<group>";
		};
		57C59D6E1BB14A76003798DF /* Shared */ = {
			isa = PBXGroup;
			children = (
				57E1CD271C884F1C00A7DFFB /* SharedViewController.swift */,
			);
			name = Shared;
			sourceTree = "<group>";
		};
		57F7ECBC1BB0013C0095AEEC /* Categories */ = {
			isa = PBXGroup;
			children = (
				57E1CD4A1C8852FC00A7DFFB /* Color.swift */,
				57E1CD4C1C8890CA00A7DFFB /* Fonts.swift */,
			);
			name = Categories;
			sourceTree = "<group>";
		};
		6C0000BCAC8752038EA18DDB /* Pods */ = {
			isa = PBXGroup;
			children = (
				FBD4BCB796711E590FFB6FC9 /* Pods-ADLoadingViewSample.stubs.xcconfig */,
				147C172E570244B76E9A8609 /* Pods-ADLoadingViewSample.preproduction.xcconfig */,
				4A08E56FF1A2E6E1D873D90F /* Pods-ADLoadingViewSample.production.xcconfig */,
				6E6A3AE8E44734C6530AC046 /* Pods-ADLoadingViewSample.distribution.xcconfig */,
				9C9220CDCE8C495437E023DB /* Pods-ADLoadingViewSampleTests.stubs.xcconfig */,
				F58BBA250BE675C419ED2946 /* Pods-ADLoadingViewSampleTests.preproduction.xcconfig */,
				32D3D6308F00B6B8059A24E8 /* Pods-ADLoadingViewSampleTests.production.xcconfig */,
				4131DA2D9333046F6E9F313E /* Pods-ADLoadingViewSampleTests.distribution.xcconfig */,
				6934AA1321EDDFE5351F1FE5 /* Pods-ADLoadingViewSample_Apps-ADLoadingViewSample.stubs.xcconfig */,
				B9FEF56F25C08D1BCB08845E /* Pods-ADLoadingViewSample_Apps-ADLoadingViewSample.preproduction.xcconfig */,
				50EAC524C507CF75287AC9D5 /* Pods-ADLoadingViewSample_Apps-ADLoadingViewSample.production.xcconfig */,
				8E7E07521F0A73EF74ECCA3D /* Pods-ADLoadingViewSample_Apps-ADLoadingViewSample.distribution.xcconfig */,
				0F0C2A2768ED0E0B52C95B01 /* Pods-ADLoadingViewSample_Apps-ADLoadingViewSample_TV.stubs.xcconfig */,
				008281FFE9505E405FA078AD /* Pods-ADLoadingViewSample_Apps-ADLoadingViewSample_TV.preproduction.xcconfig */,
				ED024FBADECD5B63F5D650B5 /* Pods-ADLoadingViewSample_Apps-ADLoadingViewSample_TV.production.xcconfig */,
				A025C46E69C496D305E99A39 /* Pods-ADLoadingViewSample_Apps-ADLoadingViewSample_TV.distribution.xcconfig */,
			);
			name = Pods;
			sourceTree = "<group>";
		};
		6FE3EFE81A6D3A8B007A4AD5 /* ADTargetSettings */ = {
			isa = PBXGroup;
			children = (
				6FE3EFE91A6D3ABA007A4AD5 /* ADTargetSettings.h */,
				6FE3EFEA1A6D3ABA007A4AD5 /* ADTargetSettings.m */,
			);
			path = ADTargetSettings;
			sourceTree = "<group>";
		};
		7A0EC6441535D8ED00E5F54A = {
			isa = PBXGroup;
			children = (
				7A189F7F1535FB5300A22149 /* Classes */,
				7AFC5ED1155AA37F009D92A7 /* Modules */,
				7A189F8F1535FD0D00A22149 /* Other Sources */,
				F83B92141A7A8CCF009E7ADF /* Configuration */,
				7A189F951535FD6800A22149 /* Resources */,
				49B1F77F1CE4B3DB00A29BFE /* ADLoadingViewSampleTests */,
				7A0EC6521535D8ED00E5F54A /* Frameworks */,
				7A0EC6501535D8ED00E5F54A /* Products */,
				6C0000BCAC8752038EA18DDB /* Pods */,
			);
			sourceTree = "<group>";
		};
		7A0EC6501535D8ED00E5F54A /* Products */ = {
			isa = PBXGroup;
			children = (
				7A0EC64F1535D8ED00E5F54A /* AD Stubs.app */,
				49B1F77E1CE4B3DB00A29BFE /* ADLoadingViewSampleTests.xctest */,
				EC1DBFCC1D3535C20095CF04 /* ADLoadingViewSample_TV.app */,
			);
			name = Products;
			sourceTree = "<group>";
		};
		7A0EC6521535D8ED00E5F54A /* Frameworks */ = {
			isa = PBXGroup;
			children = (
				7A0EC6531535D8ED00E5F54A /* UIKit.framework */,
				7A0EC6551535D8ED00E5F54A /* Foundation.framework */,
				7A0EC6571535D8ED00E5F54A /* CoreGraphics.framework */,
				08411AEAF625777CD0D6A123 /* Pods_ADLoadingViewSample.framework */,
				D06C6332AC4E8FBA4930E980 /* Pods_ADLoadingViewSampleTests.framework */,
				DD7E46DAAFE4D09C8BAECC97 /* Pods_ADLoadingViewSample_Apps_ADLoadingViewSample.framework */,
				D951AA3C39081C04A9E12CB5 /* Pods_ADLoadingViewSample_Apps_ADLoadingViewSample_TV.framework */,
			);
			name = Frameworks;
			sourceTree = "<group>";
		};
		7A189F7F1535FB5300A22149 /* Classes */ = {
			isa = PBXGroup;
			children = (
				57E1CD481C884F8900A7DFFB /* AppDelegate.swift */,
				57F7ECBC1BB0013C0095AEEC /* Categories */,
				57C59D6B1BB14A56003798DF /* Model */,
				57C59D6D1BB14A64003798DF /* View */,
				57C59D6C1BB14A62003798DF /* Controller */,
			);
			path = Classes;
			sourceTree = "<group>";
		};
		7A189F8F1535FD0D00A22149 /* Other Sources */ = {
			isa = PBXGroup;
			children = (
				7A189F921535FD5C00A22149 /* ADLoadingViewSample-Prefix.pch */,
				57E1CD291C884F3000A7DFFB /* ADLoadingViewSample-Bridging-Header.h */,
			);
			name = "Other Sources";
			path = ADLoadingViewSample;
			sourceTree = "<group>";
		};
		7A189F951535FD6800A22149 /* Resources */ = {
			isa = PBXGroup;
			children = (
				F83B922B1A7A8CE1009E7ADF /* Defaults */,
				F83B922C1A7A8CE1009E7ADF /* ADLoadingViewSample */,
			);
			name = Resources;
			path = Ressources;
			sourceTree = "<group>";
		};
		7AFC5ED1155AA37F009D92A7 /* Modules */ = {
			isa = PBXGroup;
			children = (
				6FE3EFE81A6D3A8B007A4AD5 /* ADTargetSettings */,
			);
			path = Modules;
			sourceTree = "<group>";
		};
		EC1DBFE81D3536400095CF04 /* ADLoadingViewSample_TV */ = {
			isa = PBXGroup;
			children = (
				EC1DBFE91D3536400095CF04 /* ADLoadingViewSample_TV-Info.plist */,
				EC1DBFEA1D3536400095CF04 /* ADLoadingViewSample_TV-Info_Defaults.plist */,
				EC1DBFEB1D3536400095CF04 /* ADLoadingViewSample_TV-Info_Distribution.plist */,
				EC1DBFEC1D3536400095CF04 /* ADLoadingViewSample_TV-Info_Preproduction.plist */,
				EC1DBFED1D3536400095CF04 /* ADLoadingViewSample_TV-Info_Production.plist */,
				EC1DBFEE1D3536400095CF04 /* ADLoadingViewSample_TV-Info_Stubs.plist */,
			);
			name = ADLoadingViewSample_TV;
			path = Configuration/ADLoadingViewSample_TV;
			sourceTree = SOURCE_ROOT;
		};
		F83B92141A7A8CCF009E7ADF /* Configuration */ = {
			isa = PBXGroup;
			children = (
				F83B92151A7A8CCF009E7ADF /* Defaults */,
				F83B921B1A7A8CCF009E7ADF /* ADLoadingViewSample */,
				EC1DBFE81D3536400095CF04 /* ADLoadingViewSample_TV */,
			);
			path = Configuration;
			sourceTree = "<group>";
		};
		F83B92151A7A8CCF009E7ADF /* Defaults */ = {
			isa = PBXGroup;
			children = (
				F83B92161A7A8CCF009E7ADF /* Defaults-Info_Defaults.plist */,
				F83B921A1A7A8CCF009E7ADF /* Defaults-Info_Stubs.plist */,
				F83B92181A7A8CCF009E7ADF /* Defaults-Info_Preproduction.plist */,
				F83B92191A7A8CCF009E7ADF /* Defaults-Info_Production.plist */,
				F83B92171A7A8CCF009E7ADF /* Defaults-Info_Distribution.plist */,
			);
			path = Defaults;
			sourceTree = "<group>";
		};
		F83B921B1A7A8CCF009E7ADF /* ADLoadingViewSample */ = {
			isa = PBXGroup;
			children = (
				F83B922D1A7A8D04009E7ADF /* ADLoadingViewSample-Info.plist */,
				F83B921C1A7A8CCF009E7ADF /* ADLoadingViewSample-Info_Defaults.plist */,
				F83B92201A7A8CCF009E7ADF /* ADLoadingViewSample-Info_Stubs.plist */,
				F83B921E1A7A8CCF009E7ADF /* ADLoadingViewSample-Info_Preproduction.plist */,
				F83B921F1A7A8CCF009E7ADF /* ADLoadingViewSample-Info_Production.plist */,
				F83B921D1A7A8CCF009E7ADF /* ADLoadingViewSample-Info_Distribution.plist */,
			);
			path = ADLoadingViewSample;
			sourceTree = "<group>";
		};
		F83B922B1A7A8CE1009E7ADF /* Defaults */ = {
			isa = PBXGroup;
			children = (
			);
			path = Defaults;
			sourceTree = "<group>";
		};
		F83B922C1A7A8CE1009E7ADF /* ADLoadingViewSample */ = {
			isa = PBXGroup;
			children = (
				57C59D671BB1478A003798DF /* Images.xcassets */,
				57F7ECC51BB004500095AEEC /* InfoPlist.strings */,
				57F7ECC31BB0042D0095AEEC /* Localizable.strings */,
				57C59D691BB1486B003798DF /* LaunchScreen.storyboard */,
			);
			path = ADLoadingViewSample;
			sourceTree = "<group>";
		};
/* End PBXGroup section */

/* Begin PBXNativeTarget section */
		49B1F77D1CE4B3DB00A29BFE /* ADLoadingViewSampleTests */ = {
			isa = PBXNativeTarget;
			buildConfigurationList = 49B1F7891CE4B3DB00A29BFE /* Build configuration list for PBXNativeTarget "ADLoadingViewSampleTests" */;
			buildPhases = (
				A6A85E92266DAE1D134ACEEA /* [CP] Check Pods Manifest.lock */,
				49B1F77A1CE4B3DB00A29BFE /* Sources */,
				49B1F77B1CE4B3DB00A29BFE /* Frameworks */,
				49B1F77C1CE4B3DB00A29BFE /* Resources */,
				77213A42EFF7262DF8B75E25 /* [CP] Embed Pods Frameworks */,
				D13C35CCCEE8F4CFEFEF5D75 /* [CP] Copy Pods Resources */,
			);
			buildRules = (
			);
			dependencies = (
				49B1F7841CE4B3DB00A29BFE /* PBXTargetDependency */,
			);
			name = ADLoadingViewSampleTests;
			productName = ADLoadingViewSampleTests;
			productReference = 49B1F77E1CE4B3DB00A29BFE /* ADLoadingViewSampleTests.xctest */;
			productType = "com.apple.product-type.bundle.unit-test";
		};
		7A0EC64E1535D8ED00E5F54A /* ADLoadingViewSample */ = {
			isa = PBXNativeTarget;
			buildConfigurationList = 7A0EC6671535D8ED00E5F54A /* Build configuration list for PBXNativeTarget "ADLoadingViewSample" */;
			buildPhases = (
				CECB1C1E7B071D6D281D3BC0 /* [CP] Check Pods Manifest.lock */,
				7A0EC66A1535D91400E5F54A /* Inject git informations in Info.plist */,
				7A0EC64B1535D8ED00E5F54A /* Sources */,
				7A0EC64C1535D8ED00E5F54A /* Frameworks */,
				7A0EC64D1535D8ED00E5F54A /* Resources */,
				6FE3EFF61A6D3EB1007A4AD5 /* Patch Info.plist according to the environment */,
				490133B11C1EFC11000CC04B /* Turn TODO into Warning */,
				490133B21C1EFC25000CC04B /* Warning if file > 250 lines */,
				BDD5F3E9C530D463D230A81C /* [CP] Embed Pods Frameworks */,
				F54137C79E310D050E5C1F2B /* [CP] Copy Pods Resources */,
			);
			buildRules = (
			);
			dependencies = (
			);
			name = ADLoadingViewSample;
			productName = ADLoadingViewSample;
			productReference = 7A0EC64F1535D8ED00E5F54A /* AD Stubs.app */;
			productType = "com.apple.product-type.application";
		};
		EC1DBFCB1D3535C20095CF04 /* ADLoadingViewSample_TV */ = {
			isa = PBXNativeTarget;
			buildConfigurationList = EC1DBFE11D3535C20095CF04 /* Build configuration list for PBXNativeTarget "ADLoadingViewSample_TV" */;
			buildPhases = (
				074D26D03C2197C90EECD0C7 /* [CP] Check Pods Manifest.lock */,
				EC1DBFC81D3535C20095CF04 /* Sources */,
				EC1DBFC91D3535C20095CF04 /* Frameworks */,
				EC1DBFCA1D3535C20095CF04 /* Resources */,
				8D88A31A4D32F3D9B6B14A2D /* [CP] Embed Pods Frameworks */,
				5A862EDB676477B89645B8A5 /* [CP] Copy Pods Resources */,
			);
			buildRules = (
			);
			dependencies = (
			);
			name = ADLoadingViewSample_TV;
			productName = ADLoadingViewSample_TV;
			productReference = EC1DBFCC1D3535C20095CF04 /* ADLoadingViewSample_TV.app */;
			productType = "com.apple.product-type.application";
		};
/* End PBXNativeTarget section */

/* Begin PBXProject section */
		7A0EC6461535D8ED00E5F54A /* Project object */ = {
			isa = PBXProject;
			attributes = {
				CLASSPREFIX = AD;
				LastSwiftUpdateCheck = 0730;
				LastUpgradeCheck = 0800;
				TargetAttributes = {
					49B1F77D1CE4B3DB00A29BFE = {
						CreatedOnToolsVersion = 7.3;
						DevelopmentTeam = 2C897PS7YH;
						LastSwiftMigration = 0820;
						TestTargetID = 7A0EC64E1535D8ED00E5F54A;
					};
					7A0EC64E1535D8ED00E5F54A = {
						LastSwiftMigration = 0820;
					};
					EC1DBFCB1D3535C20095CF04 = {
						CreatedOnToolsVersion = 7.3.1;
						DevelopmentTeam = WR3PARAFM4;
						LastSwiftMigration = 0820;
					};
				};
			};
			buildConfigurationList = 7A0EC6491535D8ED00E5F54A /* Build configuration list for PBXProject "ADLoadingViewSample" */;
			compatibilityVersion = "Xcode 3.2";
			developmentRegion = English;
			hasScannedForEncodings = 0;
			knownRegions = (
				en,
				Base,
			);
			mainGroup = 7A0EC6441535D8ED00E5F54A;
			productRefGroup = 7A0EC6501535D8ED00E5F54A /* Products */;
			projectDirPath = "";
			projectRoot = "";
			targets = (
				7A0EC64E1535D8ED00E5F54A /* ADLoadingViewSample */,
				49B1F77D1CE4B3DB00A29BFE /* ADLoadingViewSampleTests */,
				EC1DBFCB1D3535C20095CF04 /* ADLoadingViewSample_TV */,
			);
		};
/* End PBXProject section */

/* Begin PBXResourcesBuildPhase section */
		49B1F77C1CE4B3DB00A29BFE /* Resources */ = {
			isa = PBXResourcesBuildPhase;
			buildActionMask = 2147483647;
			files = (
			);
			runOnlyForDeploymentPostprocessing = 0;
		};
		7A0EC64D1535D8ED00E5F54A /* Resources */ = {
			isa = PBXResourcesBuildPhase;
			buildActionMask = 2147483647;
			files = (
				EC1DBFF21D3536400095CF04 /* ADLoadingViewSample_TV-Info_Preproduction.plist in Resources */,
				EC1DBFF41D3536400095CF04 /* ADLoadingViewSample_TV-Info_Stubs.plist in Resources */,
				EC1DBFEF1D3536400095CF04 /* ADLoadingViewSample_TV-Info.plist in Resources */,
				57C59D681BB1478A003798DF /* Images.xcassets in Resources */,
				57C59D6A1BB1486B003798DF /* LaunchScreen.storyboard in Resources */,
				EC1DBFF11D3536400095CF04 /* ADLoadingViewSample_TV-Info_Distribution.plist in Resources */,
				57F7ECC41BB0042D0095AEEC /* Localizable.strings in Resources */,
				EC1DBFF31D3536400095CF04 /* ADLoadingViewSample_TV-Info_Production.plist in Resources */,
				57F7ECC61BB004510095AEEC /* InfoPlist.strings in Resources */,
				EC1DBFF01D3536400095CF04 /* ADLoadingViewSample_TV-Info_Defaults.plist in Resources */,
			);
			runOnlyForDeploymentPostprocessing = 0;
		};
		EC1DBFCA1D3535C20095CF04 /* Resources */ = {
			isa = PBXResourcesBuildPhase;
			buildActionMask = 2147483647;
			files = (
				EC1DBFF51D3536AF0095CF04 /* Images.xcassets in Resources */,
			);
			runOnlyForDeploymentPostprocessing = 0;
		};
/* End PBXResourcesBuildPhase section */

/* Begin PBXShellScriptBuildPhase section */
		074D26D03C2197C90EECD0C7 /* [CP] Check Pods Manifest.lock */ = {
			isa = PBXShellScriptBuildPhase;
			buildActionMask = 2147483647;
			files = (
			);
			inputPaths = (
			);
			name = "[CP] Check Pods Manifest.lock";
			outputPaths = (
			);
			runOnlyForDeploymentPostprocessing = 0;
			shellPath = /bin/sh;
			shellScript = "diff \"${PODS_ROOT}/../Podfile.lock\" \"${PODS_ROOT}/Manifest.lock\" > /dev/null\nif [ $? != 0 ] ; then\n    # print error to STDERR\n    echo \"error: The sandbox is not in sync with the Podfile.lock. Run 'pod install' or update your CocoaPods installation.\" >&2\n    exit 1\nfi\n";
			showEnvVarsInLog = 0;
		};
		490133B11C1EFC11000CC04B /* Turn TODO into Warning */ = {
			isa = PBXShellScriptBuildPhase;
			buildActionMask = 2147483647;
			files = (
			);
			inputPaths = (
			);
			name = "Turn TODO into Warning";
			outputPaths = (
			);
			runOnlyForDeploymentPostprocessing = 0;
			shellPath = /bin/sh;
			shellScript = "KEYWORDS=\"TODO:|FIXME:|\\?\\?\\?:|\\!\\!\\!:\"\nfind \"${SRCROOT}/Classes\" -name \"*.h\" -or -name \"*.m\" -print0 | xargs -0 egrep --with-filename --line-number --only-matching \"($KEYWORDS).*\\$\" | perl -p -e \"s/($KEYWORDS)/ warning: \\$1/\"";
		};
		490133B21C1EFC25000CC04B /* Warning if file > 250 lines */ = {
			isa = PBXShellScriptBuildPhase;
			buildActionMask = 2147483647;
			files = (
			);
			inputPaths = (
			);
			name = "Warning if file > 250 lines";
			outputPaths = (
			);
			runOnlyForDeploymentPostprocessing = 0;
			shellPath = /bin/sh;
			shellScript = "find \"${SRCROOT}/Classes\" \\( -name \"*.h\" -or -name \"*.m\" \\) -and \\( -path \"${SRCROOT}/Pods/*\" -prune -o -print0 \\) | xargs -0 wc -l | awk '$1 > 250 && $2 != \"total\" {for(i=2;i<NF;i++){printf \"%s%s\", $i, \" \"} print $NF \":1: warning: File more than 250 lines (\" $1 \"), consider refactoring.\" }'";
		};
		5A862EDB676477B89645B8A5 /* [CP] Copy Pods Resources */ = {
			isa = PBXShellScriptBuildPhase;
			buildActionMask = 2147483647;
			files = (
			);
			inputPaths = (
			);
			name = "[CP] Copy Pods Resources";
			outputPaths = (
			);
			runOnlyForDeploymentPostprocessing = 0;
			shellPath = /bin/sh;
			shellScript = "\"${SRCROOT}/Pods/Target Support Files/Pods-ADLoadingViewSample_Apps-ADLoadingViewSample_TV/Pods-ADLoadingViewSample_Apps-ADLoadingViewSample_TV-resources.sh\"\n";
			showEnvVarsInLog = 0;
		};
		6FE3EFF61A6D3EB1007A4AD5 /* Patch Info.plist according to the environment */ = {
			isa = PBXShellScriptBuildPhase;
			buildActionMask = 2147483647;
			files = (
			);
			inputPaths = (
			);
			name = "Patch Info.plist according to the environment";
			outputPaths = (
			);
			runOnlyForDeploymentPostprocessing = 0;
			shellPath = /bin/sh;
			shellScript = "PLIST_FILENAME=$(basename \"$PRODUCT_SETTINGS_PATH\")\nPLIST_EXTENSION=\"${PLIST_FILENAME##*.}\"\nPLIST_FILENAME=\"${PLIST_FILENAME%.*}\"\n/usr/libexec/PlistBuddy -c \"Merge ${SRCROOT}/Configuration/$TARGET_NAME/${PLIST_FILENAME}_${CONFIGURATION}.${PLIST_EXTENSION}\" \"${BUILT_PRODUCTS_DIR}/${INFOPLIST_PATH}\" >/dev/null 2>&1\n/usr/libexec/PlistBuddy -c \"Merge ${SRCROOT}/Configuration/$TARGET_NAME/${PLIST_FILENAME}_Defaults.${PLIST_EXTENSION}\" \"${BUILT_PRODUCTS_DIR}/${INFOPLIST_PATH}\" >/dev/null 2>&1\n/usr/libexec/PlistBuddy -c \"Merge ${SRCROOT}/Configuration/Defaults/Defaults-Info_${CONFIGURATION}.${PLIST_EXTENSION}\" \"${BUILT_PRODUCTS_DIR}/${INFOPLIST_PATH}\" >/dev/null 2>&1\n/usr/libexec/PlistBuddy -c \"Merge ${SRCROOT}/Configuration/Defaults/Defaults-Info_Defaults.${PLIST_EXTENSION}\" \"${BUILT_PRODUCTS_DIR}/${INFOPLIST_PATH}\" >/dev/null 2>&1\n";
			showEnvVarsInLog = 0;
		};
		77213A42EFF7262DF8B75E25 /* [CP] Embed Pods Frameworks */ = {
			isa = PBXShellScriptBuildPhase;
			buildActionMask = 2147483647;
			files = (
			);
			inputPaths = (
			);
			name = "[CP] Embed Pods Frameworks";
			outputPaths = (
			);
			runOnlyForDeploymentPostprocessing = 0;
			shellPath = /bin/sh;
			shellScript = "\"${SRCROOT}/Pods/Target Support Files/Pods-ADLoadingViewSampleTests/Pods-ADLoadingViewSampleTests-frameworks.sh\"\n";
			showEnvVarsInLog = 0;
		};
		7A0EC66A1535D91400E5F54A /* Inject git informations in Info.plist */ = {
			isa = PBXShellScriptBuildPhase;
			buildActionMask = 2147483647;
			files = (
			);
			inputPaths = (
			);
			name = "Inject git informations in Info.plist";
			outputPaths = (
			);
			runOnlyForDeploymentPostprocessing = 0;
			shellPath = /bin/sh;
			shellScript = "GIT_COMMIT=`git rev-parse --short HEAD`\nGIT_BRANCH=`git symbolic-ref HEAD`\nGIT_STATUS=`git status --porcelain -z`\n/usr/libexec/PlistBuddy -c \"Delete :CFBundleGitCommit\" \"${BUILT_PRODUCTS_DIR}/${INFOPLIST_PATH}\" >/dev/null 2>&1\n/usr/libexec/PlistBuddy -c \"Delete :CFBundleGitBranch\" \"${BUILT_PRODUCTS_DIR}/${INFOPLIST_PATH}\" >/dev/null 2>&1\n/usr/libexec/PlistBuddy -c \"Delete :CFBundleGitStatus\" \"${BUILT_PRODUCTS_DIR}/${INFOPLIST_PATH}\" >/dev/null 2>&1\nif [ -n \"$GIT_COMMIT\" ]; then\n  /usr/libexec/PlistBuddy -c \"Add :CFBundleGitCommit string \\\"${GIT_COMMIT}\\\"\" \"${BUILT_PRODUCTS_DIR}/${INFOPLIST_PATH}\"\nfi\nif [ -n \"$GIT_BRANCH\" ]; then\n  /usr/libexec/PlistBuddy -c \"Add :CFBundleGitBranch string \\\"${GIT_BRANCH}\\\"\" \"${BUILT_PRODUCTS_DIR}/${INFOPLIST_PATH}\"\nfi\nif [ -n \"$GIT_STATUS\" ]; then\n  /usr/libexec/PlistBuddy -c \"Add :CFBundleGitStatus string \\\"${GIT_STATUS}\\\"\" \"${BUILT_PRODUCTS_DIR}/${INFOPLIST_PATH}\"\nfi";
			showEnvVarsInLog = 0;
		};
		8D88A31A4D32F3D9B6B14A2D /* [CP] Embed Pods Frameworks */ = {
			isa = PBXShellScriptBuildPhase;
			buildActionMask = 2147483647;
			files = (
			);
			inputPaths = (
			);
			name = "[CP] Embed Pods Frameworks";
			outputPaths = (
			);
			runOnlyForDeploymentPostprocessing = 0;
			shellPath = /bin/sh;
			shellScript = "\"${SRCROOT}/Pods/Target Support Files/Pods-ADLoadingViewSample_Apps-ADLoadingViewSample_TV/Pods-ADLoadingViewSample_Apps-ADLoadingViewSample_TV-frameworks.sh\"\n";
			showEnvVarsInLog = 0;
		};
		A6A85E92266DAE1D134ACEEA /* [CP] Check Pods Manifest.lock */ = {
			isa = PBXShellScriptBuildPhase;
			buildActionMask = 2147483647;
			files = (
			);
			inputPaths = (
			);
			name = "[CP] Check Pods Manifest.lock";
			outputPaths = (
			);
			runOnlyForDeploymentPostprocessing = 0;
			shellPath = /bin/sh;
			shellScript = "diff \"${PODS_ROOT}/../Podfile.lock\" \"${PODS_ROOT}/Manifest.lock\" > /dev/null\nif [ $? != 0 ] ; then\n    # print error to STDERR\n    echo \"error: The sandbox is not in sync with the Podfile.lock. Run 'pod install' or update your CocoaPods installation.\" >&2\n    exit 1\nfi\n";
			showEnvVarsInLog = 0;
		};
		BDD5F3E9C530D463D230A81C /* [CP] Embed Pods Frameworks */ = {
			isa = PBXShellScriptBuildPhase;
			buildActionMask = 2147483647;
			files = (
			);
			inputPaths = (
			);
			name = "[CP] Embed Pods Frameworks";
			outputPaths = (
			);
			runOnlyForDeploymentPostprocessing = 0;
			shellPath = /bin/sh;
			shellScript = "\"${SRCROOT}/Pods/Target Support Files/Pods-ADLoadingViewSample_Apps-ADLoadingViewSample/Pods-ADLoadingViewSample_Apps-ADLoadingViewSample-frameworks.sh\"\n";
			showEnvVarsInLog = 0;
		};
		CECB1C1E7B071D6D281D3BC0 /* [CP] Check Pods Manifest.lock */ = {
			isa = PBXShellScriptBuildPhase;
			buildActionMask = 2147483647;
			files = (
			);
			inputPaths = (
			);
			name = "[CP] Check Pods Manifest.lock";
			outputPaths = (
			);
			runOnlyForDeploymentPostprocessing = 0;
			shellPath = /bin/sh;
			shellScript = "diff \"${PODS_ROOT}/../Podfile.lock\" \"${PODS_ROOT}/Manifest.lock\" > /dev/null\nif [ $? != 0 ] ; then\n    # print error to STDERR\n    echo \"error: The sandbox is not in sync with the Podfile.lock. Run 'pod install' or update your CocoaPods installation.\" >&2\n    exit 1\nfi\n";
			showEnvVarsInLog = 0;
		};
		D13C35CCCEE8F4CFEFEF5D75 /* [CP] Copy Pods Resources */ = {
			isa = PBXShellScriptBuildPhase;
			buildActionMask = 2147483647;
			files = (
			);
			inputPaths = (
			);
			name = "[CP] Copy Pods Resources";
			outputPaths = (
			);
			runOnlyForDeploymentPostprocessing = 0;
			shellPath = /bin/sh;
			shellScript = "\"${SRCROOT}/Pods/Target Support Files/Pods-ADLoadingViewSampleTests/Pods-ADLoadingViewSampleTests-resources.sh\"\n";
			showEnvVarsInLog = 0;
		};
		F54137C79E310D050E5C1F2B /* [CP] Copy Pods Resources */ = {
			isa = PBXShellScriptBuildPhase;
			buildActionMask = 2147483647;
			files = (
			);
			inputPaths = (
			);
			name = "[CP] Copy Pods Resources";
			outputPaths = (
			);
			runOnlyForDeploymentPostprocessing = 0;
			shellPath = /bin/sh;
			shellScript = "\"${SRCROOT}/Pods/Target Support Files/Pods-ADLoadingViewSample_Apps-ADLoadingViewSample/Pods-ADLoadingViewSample_Apps-ADLoadingViewSample-resources.sh\"\n";
			showEnvVarsInLog = 0;
		};
/* End PBXShellScriptBuildPhase section */

/* Begin PBXSourcesBuildPhase section */
		49B1F77A1CE4B3DB00A29BFE /* Sources */ = {
			isa = PBXSourcesBuildPhase;
			buildActionMask = 2147483647;
			files = (
				49B1F7811CE4B3DB00A29BFE /* ADLoadingViewSampleTests.swift in Sources */,
			);
			runOnlyForDeploymentPostprocessing = 0;
		};
		7A0EC64B1535D8ED00E5F54A /* Sources */ = {
			isa = PBXSourcesBuildPhase;
			buildActionMask = 2147483647;
			files = (
				57E1CD4D1C8890CA00A7DFFB /* Fonts.swift in Sources */,
				0C8EE9ED1D114CF70091629E /* LoadingViewTestController.swift in Sources */,
				57E1CD491C884F8900A7DFFB /* AppDelegate.swift in Sources */,
				57E1CD4B1C8852FC00A7DFFB /* Color.swift in Sources */,
				6FE3EFEB1A6D3ABA007A4AD5 /* ADTargetSettings.m in Sources */,
				57E1CD281C884F1C00A7DFFB /* SharedViewController.swift in Sources */,
				0C8EE9EF1D1150830091629E /* LoadingViewPageViewController.swift in Sources */,
			);
			runOnlyForDeploymentPostprocessing = 0;
		};
		EC1DBFC81D3535C20095CF04 /* Sources */ = {
			isa = PBXSourcesBuildPhase;
			buildActionMask = 2147483647;
			files = (
				EC1DBFE21D3535E80095CF04 /* AppDelegate.swift in Sources */,
				EC1DBFE41D3535E80095CF04 /* Fonts.swift in Sources */,
				EC1DBFE71D3535EE0095CF04 /* ADTargetSettings.m in Sources */,
				EC1DBFE31D3535E80095CF04 /* Color.swift in Sources */,
				EC1DBFE51D3535E80095CF04 /* LoadingViewTestController.swift in Sources */,
				EC1DBFE61D3535E80095CF04 /* LoadingViewPageViewController.swift in Sources */,
			);
			runOnlyForDeploymentPostprocessing = 0;
		};
/* End PBXSourcesBuildPhase section */

/* Begin PBXTargetDependency section */
		49B1F7841CE4B3DB00A29BFE /* PBXTargetDependency */ = {
			isa = PBXTargetDependency;
			target = 7A0EC64E1535D8ED00E5F54A /* ADLoadingViewSample */;
			targetProxy = 49B1F7831CE4B3DB00A29BFE /* PBXContainerItemProxy */;
		};
/* End PBXTargetDependency section */

/* Begin XCBuildConfiguration section */
		49B1F7851CE4B3DB00A29BFE /* Stubs */ = {
			isa = XCBuildConfiguration;
			baseConfigurationReference = 9C9220CDCE8C495437E023DB /* Pods-ADLoadingViewSampleTests.stubs.xcconfig */;
			buildSettings = {
				ALWAYS_EMBED_SWIFT_STANDARD_LIBRARIES = YES;
				ALWAYS_SEARCH_USER_PATHS = NO;
				BUNDLE_LOADER = "$(TEST_HOST)";
				CLANG_ANALYZER_NONNULL = YES;
				CLANG_CXX_LANGUAGE_STANDARD = "gnu++0x";
				CLANG_CXX_LIBRARY = "libc++";
				CLANG_ENABLE_MODULES = YES;
				CLANG_ENABLE_OBJC_ARC = YES;
				CLANG_WARN_BOOL_CONVERSION = YES;
				CLANG_WARN_CONSTANT_CONVERSION = YES;
				CLANG_WARN_DIRECT_OBJC_ISA_USAGE = YES_ERROR;
				CLANG_WARN_EMPTY_BODY = YES;
				CLANG_WARN_ENUM_CONVERSION = YES;
				CLANG_WARN_INT_CONVERSION = YES;
				CLANG_WARN_OBJC_ROOT_CLASS = YES_ERROR;
				CLANG_WARN_UNREACHABLE_CODE = YES;
				CLANG_WARN__DUPLICATE_METHOD_MATCH = YES;
				"CODE_SIGN_IDENTITY[sdk=iphoneos*]" = "iPhone Developer";
				COPY_PHASE_STRIP = NO;
				DEBUG_INFORMATION_FORMAT = dwarf;
				ENABLE_STRICT_OBJC_MSGSEND = YES;
				ENABLE_TESTABILITY = YES;
				GCC_C_LANGUAGE_STANDARD = gnu99;
				GCC_DYNAMIC_NO_PIC = NO;
				GCC_NO_COMMON_BLOCKS = YES;
				GCC_OPTIMIZATION_LEVEL = 0;
				GCC_PREPROCESSOR_DEFINITIONS = (
					"DEBUG=1",
					"$(inherited)",
				);
				GCC_WARN_64_TO_32_BIT_CONVERSION = YES;
				GCC_WARN_ABOUT_RETURN_TYPE = YES_ERROR;
				GCC_WARN_UNDECLARED_SELECTOR = YES;
				GCC_WARN_UNINITIALIZED_AUTOS = YES_AGGRESSIVE;
				GCC_WARN_UNUSED_FUNCTION = YES;
				GCC_WARN_UNUSED_VARIABLE = YES;
				INFOPLIST_FILE = ADLoadingViewSampleTests/Info.plist;
				IPHONEOS_DEPLOYMENT_TARGET = 9.3;
				LD_RUNPATH_SEARCH_PATHS = "$(inherited) @executable_path/Frameworks @loader_path/Frameworks";
				MTL_ENABLE_DEBUG_INFO = YES;
				ONLY_ACTIVE_ARCH = YES;
				PRODUCT_BUNDLE_IDENTIFIER = applidium.ADLoadingViewSampleTests;
				PRODUCT_NAME = "$(TARGET_NAME)";
				SDKROOT = iphoneos;
				SWIFT_OPTIMIZATION_LEVEL = "-Onone";
				SWIFT_VERSION = 3.0;
				TEST_HOST = "$(BUILT_PRODUCTS_DIR)/AD Stubs.app/AD Stubs";
			};
			name = Stubs;
		};
		49B1F7861CE4B3DB00A29BFE /* Preproduction */ = {
			isa = XCBuildConfiguration;
			baseConfigurationReference = F58BBA250BE675C419ED2946 /* Pods-ADLoadingViewSampleTests.preproduction.xcconfig */;
			buildSettings = {
				ALWAYS_EMBED_SWIFT_STANDARD_LIBRARIES = YES;
				ALWAYS_SEARCH_USER_PATHS = NO;
				BUNDLE_LOADER = "$(TEST_HOST)";
				CLANG_ANALYZER_NONNULL = YES;
				CLANG_CXX_LANGUAGE_STANDARD = "gnu++0x";
				CLANG_CXX_LIBRARY = "libc++";
				CLANG_ENABLE_MODULES = YES;
				CLANG_ENABLE_OBJC_ARC = YES;
				CLANG_WARN_BOOL_CONVERSION = YES;
				CLANG_WARN_CONSTANT_CONVERSION = YES;
				CLANG_WARN_DIRECT_OBJC_ISA_USAGE = YES_ERROR;
				CLANG_WARN_EMPTY_BODY = YES;
				CLANG_WARN_ENUM_CONVERSION = YES;
				CLANG_WARN_INT_CONVERSION = YES;
				CLANG_WARN_OBJC_ROOT_CLASS = YES_ERROR;
				CLANG_WARN_UNREACHABLE_CODE = YES;
				CLANG_WARN__DUPLICATE_METHOD_MATCH = YES;
				"CODE_SIGN_IDENTITY[sdk=iphoneos*]" = "iPhone Developer";
				COPY_PHASE_STRIP = NO;
				DEBUG_INFORMATION_FORMAT = "dwarf-with-dsym";
				ENABLE_NS_ASSERTIONS = NO;
				ENABLE_STRICT_OBJC_MSGSEND = YES;
				GCC_C_LANGUAGE_STANDARD = gnu99;
				GCC_NO_COMMON_BLOCKS = YES;
				GCC_WARN_64_TO_32_BIT_CONVERSION = YES;
				GCC_WARN_ABOUT_RETURN_TYPE = YES_ERROR;
				GCC_WARN_UNDECLARED_SELECTOR = YES;
				GCC_WARN_UNINITIALIZED_AUTOS = YES_AGGRESSIVE;
				GCC_WARN_UNUSED_FUNCTION = YES;
				GCC_WARN_UNUSED_VARIABLE = YES;
				INFOPLIST_FILE = ADLoadingViewSampleTests/Info.plist;
				IPHONEOS_DEPLOYMENT_TARGET = 9.3;
				LD_RUNPATH_SEARCH_PATHS = "$(inherited) @executable_path/Frameworks @loader_path/Frameworks";
				MTL_ENABLE_DEBUG_INFO = NO;
				PRODUCT_BUNDLE_IDENTIFIER = applidium.ADLoadingViewSampleTests;
				PRODUCT_NAME = "$(TARGET_NAME)";
				SDKROOT = iphoneos;
				SWIFT_VERSION = 3.0;
				TEST_HOST = "$(BUILT_PRODUCTS_DIR)/AD Stubs.app/AD Stubs";
				VALIDATE_PRODUCT = YES;
			};
			name = Preproduction;
		};
		49B1F7871CE4B3DB00A29BFE /* Production */ = {
			isa = XCBuildConfiguration;
			baseConfigurationReference = 32D3D6308F00B6B8059A24E8 /* Pods-ADLoadingViewSampleTests.production.xcconfig */;
			buildSettings = {
				ALWAYS_EMBED_SWIFT_STANDARD_LIBRARIES = YES;
				ALWAYS_SEARCH_USER_PATHS = NO;
				BUNDLE_LOADER = "$(TEST_HOST)";
				CLANG_ANALYZER_NONNULL = YES;
				CLANG_CXX_LANGUAGE_STANDARD = "gnu++0x";
				CLANG_CXX_LIBRARY = "libc++";
				CLANG_ENABLE_MODULES = YES;
				CLANG_ENABLE_OBJC_ARC = YES;
				CLANG_WARN_BOOL_CONVERSION = YES;
				CLANG_WARN_CONSTANT_CONVERSION = YES;
				CLANG_WARN_DIRECT_OBJC_ISA_USAGE = YES_ERROR;
				CLANG_WARN_EMPTY_BODY = YES;
				CLANG_WARN_ENUM_CONVERSION = YES;
				CLANG_WARN_INT_CONVERSION = YES;
				CLANG_WARN_OBJC_ROOT_CLASS = YES_ERROR;
				CLANG_WARN_UNREACHABLE_CODE = YES;
				CLANG_WARN__DUPLICATE_METHOD_MATCH = YES;
				"CODE_SIGN_IDENTITY[sdk=iphoneos*]" = "iPhone Developer";
				COPY_PHASE_STRIP = NO;
				DEBUG_INFORMATION_FORMAT = "dwarf-with-dsym";
				ENABLE_NS_ASSERTIONS = NO;
				ENABLE_STRICT_OBJC_MSGSEND = YES;
				GCC_C_LANGUAGE_STANDARD = gnu99;
				GCC_NO_COMMON_BLOCKS = YES;
				GCC_WARN_64_TO_32_BIT_CONVERSION = YES;
				GCC_WARN_ABOUT_RETURN_TYPE = YES_ERROR;
				GCC_WARN_UNDECLARED_SELECTOR = YES;
				GCC_WARN_UNINITIALIZED_AUTOS = YES_AGGRESSIVE;
				GCC_WARN_UNUSED_FUNCTION = YES;
				GCC_WARN_UNUSED_VARIABLE = YES;
				INFOPLIST_FILE = ADLoadingViewSampleTests/Info.plist;
				IPHONEOS_DEPLOYMENT_TARGET = 9.3;
				LD_RUNPATH_SEARCH_PATHS = "$(inherited) @executable_path/Frameworks @loader_path/Frameworks";
				MTL_ENABLE_DEBUG_INFO = NO;
				PRODUCT_BUNDLE_IDENTIFIER = applidium.ADLoadingViewSampleTests;
				PRODUCT_NAME = "$(TARGET_NAME)";
				SDKROOT = iphoneos;
				SWIFT_VERSION = 3.0;
				TEST_HOST = "$(BUILT_PRODUCTS_DIR)/AD Stubs.app/AD Stubs";
				VALIDATE_PRODUCT = YES;
			};
			name = Production;
		};
		49B1F7881CE4B3DB00A29BFE /* Distribution */ = {
			isa = XCBuildConfiguration;
			baseConfigurationReference = 4131DA2D9333046F6E9F313E /* Pods-ADLoadingViewSampleTests.distribution.xcconfig */;
			buildSettings = {
				ALWAYS_EMBED_SWIFT_STANDARD_LIBRARIES = YES;
				ALWAYS_SEARCH_USER_PATHS = NO;
				BUNDLE_LOADER = "$(TEST_HOST)";
				CLANG_ANALYZER_NONNULL = YES;
				CLANG_CXX_LANGUAGE_STANDARD = "gnu++0x";
				CLANG_CXX_LIBRARY = "libc++";
				CLANG_ENABLE_MODULES = YES;
				CLANG_ENABLE_OBJC_ARC = YES;
				CLANG_WARN_BOOL_CONVERSION = YES;
				CLANG_WARN_CONSTANT_CONVERSION = YES;
				CLANG_WARN_DIRECT_OBJC_ISA_USAGE = YES_ERROR;
				CLANG_WARN_EMPTY_BODY = YES;
				CLANG_WARN_ENUM_CONVERSION = YES;
				CLANG_WARN_INT_CONVERSION = YES;
				CLANG_WARN_OBJC_ROOT_CLASS = YES_ERROR;
				CLANG_WARN_UNREACHABLE_CODE = YES;
				CLANG_WARN__DUPLICATE_METHOD_MATCH = YES;
				"CODE_SIGN_IDENTITY[sdk=iphoneos*]" = "iPhone Developer";
				COPY_PHASE_STRIP = NO;
				DEBUG_INFORMATION_FORMAT = "dwarf-with-dsym";
				ENABLE_NS_ASSERTIONS = NO;
				ENABLE_STRICT_OBJC_MSGSEND = YES;
				GCC_C_LANGUAGE_STANDARD = gnu99;
				GCC_NO_COMMON_BLOCKS = YES;
				GCC_WARN_64_TO_32_BIT_CONVERSION = YES;
				GCC_WARN_ABOUT_RETURN_TYPE = YES_ERROR;
				GCC_WARN_UNDECLARED_SELECTOR = YES;
				GCC_WARN_UNINITIALIZED_AUTOS = YES_AGGRESSIVE;
				GCC_WARN_UNUSED_FUNCTION = YES;
				GCC_WARN_UNUSED_VARIABLE = YES;
				INFOPLIST_FILE = ADLoadingViewSampleTests/Info.plist;
				IPHONEOS_DEPLOYMENT_TARGET = 9.3;
				LD_RUNPATH_SEARCH_PATHS = "$(inherited) @executable_path/Frameworks @loader_path/Frameworks";
				MTL_ENABLE_DEBUG_INFO = NO;
				PRODUCT_BUNDLE_IDENTIFIER = applidium.ADLoadingViewSampleTests;
				PRODUCT_NAME = "$(TARGET_NAME)";
				SDKROOT = iphoneos;
				SWIFT_VERSION = 3.0;
				TEST_HOST = "$(BUILT_PRODUCTS_DIR)/AD Stubs.app/AD Stubs";
				VALIDATE_PRODUCT = YES;
			};
			name = Distribution;
		};
		7A0EC6651535D8ED00E5F54A /* Stubs */ = {
			isa = XCBuildConfiguration;
			buildSettings = {
				ALWAYS_SEARCH_USER_PATHS = NO;
				CLANG_ALLOW_NON_MODULAR_INCLUDES_IN_FRAMEWORK_MODULES = YES;
				CLANG_ENABLE_MODULES = YES;
				CLANG_WARN_BOOL_CONVERSION = YES;
				CLANG_WARN_CONSTANT_CONVERSION = YES;
				CLANG_WARN_EMPTY_BODY = YES;
				CLANG_WARN_ENUM_CONVERSION = YES;
				CLANG_WARN_INFINITE_RECURSION = YES;
				CLANG_WARN_INT_CONVERSION = YES;
				CLANG_WARN_SUSPICIOUS_MOVE = YES;
				CLANG_WARN_UNREACHABLE_CODE = YES;
				CLANG_WARN__DUPLICATE_METHOD_MATCH = YES;
				COPY_PHASE_STRIP = NO;
				CURRENT_PROJECT_VERSION = 1;
				ENABLE_STRICT_OBJC_MSGSEND = YES;
				GCC_C_LANGUAGE_STANDARD = gnu99;
				GCC_DYNAMIC_NO_PIC = NO;
				GCC_NO_COMMON_BLOCKS = YES;
				GCC_OPTIMIZATION_LEVEL = 0;
				GCC_PREPROCESSOR_DEFINITIONS = "CONFIGURATION=$(CONFIGURATION)";
				GCC_SYMBOLS_PRIVATE_EXTERN = NO;
				GCC_VERSION = com.apple.compilers.llvm.clang.1_0;
				GCC_WARN_64_TO_32_BIT_CONVERSION = YES;
				GCC_WARN_ABOUT_RETURN_TYPE = YES;
				GCC_WARN_UNDECLARED_SELECTOR = YES;
				GCC_WARN_UNINITIALIZED_AUTOS = YES;
				GCC_WARN_UNUSED_FUNCTION = YES;
				GCC_WARN_UNUSED_VARIABLE = YES;
				IPHONEOS_DEPLOYMENT_TARGET = 8.0;
				PROVISIONING_PROFILE = "$(PROFILE_UDID)";
				SDKROOT = iphoneos;
				VERSIONING_SYSTEM = "apple-generic";
			};
			name = Stubs;
		};
		7A0EC6681535D8ED00E5F54A /* Stubs */ = {
			isa = XCBuildConfiguration;
			baseConfigurationReference = 6934AA1321EDDFE5351F1FE5 /* Pods-ADLoadingViewSample_Apps-ADLoadingViewSample.stubs.xcconfig */;
			buildSettings = {
				ALWAYS_EMBED_SWIFT_STANDARD_LIBRARIES = YES;
				ASSETCATALOG_COMPILER_APPICON_NAME = AppIcon;
				CLANG_ENABLE_MODULES = YES;
				CLANG_ENABLE_OBJC_ARC = YES;
				GCC_PRECOMPILE_PREFIX_HEADER = YES;
				GCC_PREFIX_HEADER = "ADLoadingViewSample-Prefix.pch";
				INFOPLIST_FILE = "Configuration/ADLoadingViewSample/ADLoadingViewSample-Info.plist";
				LD_RUNPATH_SEARCH_PATHS = "$(inherited) @executable_path/Frameworks";
				PRODUCT_BUNDLE_IDENTIFIER = "com.applidium.${PRODUCT_NAME:rfc1034identifier}";
				PRODUCT_MODULE_NAME = "$(TARGET_NAME)";
				PRODUCT_NAME = "AD Stubs";
				SWIFT_OBJC_BRIDGING_HEADER = "Classes/ADLoadingViewSample-Bridging-Header.h";
				SWIFT_OPTIMIZATION_LEVEL = "-Onone";
				SWIFT_VERSION = 3.0;
				WRAPPER_EXTENSION = app;
			};
			name = Stubs;
		};
		7A6BEEF71536FE3D0075E2A7 /* Distribution */ = {
			isa = XCBuildConfiguration;
			buildSettings = {
				ALWAYS_SEARCH_USER_PATHS = NO;
				CLANG_ALLOW_NON_MODULAR_INCLUDES_IN_FRAMEWORK_MODULES = YES;
				CLANG_ENABLE_MODULES = YES;
				CLANG_WARN_BOOL_CONVERSION = YES;
				CLANG_WARN_CONSTANT_CONVERSION = YES;
				CLANG_WARN_EMPTY_BODY = YES;
				CLANG_WARN_ENUM_CONVERSION = YES;
				CLANG_WARN_INFINITE_RECURSION = YES;
				CLANG_WARN_INT_CONVERSION = YES;
				CLANG_WARN_SUSPICIOUS_MOVE = YES;
				CLANG_WARN_UNREACHABLE_CODE = YES;
				CLANG_WARN__DUPLICATE_METHOD_MATCH = YES;
				COPY_PHASE_STRIP = YES;
				CURRENT_PROJECT_VERSION = 1;
				ENABLE_STRICT_OBJC_MSGSEND = YES;
				GCC_C_LANGUAGE_STANDARD = gnu99;
				GCC_NO_COMMON_BLOCKS = YES;
				GCC_PREPROCESSOR_DEFINITIONS = "CONFIGURATION=$(CONFIGURATION)";
				GCC_VERSION = com.apple.compilers.llvm.clang.1_0;
				GCC_WARN_64_TO_32_BIT_CONVERSION = YES;
				GCC_WARN_ABOUT_RETURN_TYPE = YES;
				GCC_WARN_UNDECLARED_SELECTOR = YES;
				GCC_WARN_UNINITIALIZED_AUTOS = YES;
				GCC_WARN_UNUSED_FUNCTION = YES;
				GCC_WARN_UNUSED_VARIABLE = YES;
				IPHONEOS_DEPLOYMENT_TARGET = 8.0;
				OTHER_CFLAGS = "-DNS_BLOCK_ASSERTIONS=1";
				PROVISIONING_PROFILE = "$(PROFILE_UDID)";
				SDKROOT = iphoneos;
				VALIDATE_PRODUCT = YES;
				VERSIONING_SYSTEM = "apple-generic";
			};
			name = Distribution;
		};
		7A6BEEF81536FE3D0075E2A7 /* Distribution */ = {
			isa = XCBuildConfiguration;
			baseConfigurationReference = 8E7E07521F0A73EF74ECCA3D /* Pods-ADLoadingViewSample_Apps-ADLoadingViewSample.distribution.xcconfig */;
			buildSettings = {
				ALWAYS_EMBED_SWIFT_STANDARD_LIBRARIES = YES;
				ASSETCATALOG_COMPILER_APPICON_NAME = AppIcon;
				CLANG_ENABLE_MODULES = YES;
				CLANG_ENABLE_OBJC_ARC = YES;
				GCC_PRECOMPILE_PREFIX_HEADER = YES;
				GCC_PREFIX_HEADER = "ADLoadingViewSample-Prefix.pch";
				INFOPLIST_FILE = "Configuration/ADLoadingViewSample/ADLoadingViewSample-Info.plist";
				LD_RUNPATH_SEARCH_PATHS = "$(inherited) @executable_path/Frameworks";
				PRODUCT_BUNDLE_IDENTIFIER = "com.applidium.${PRODUCT_NAME:rfc1034identifier}";
				PRODUCT_MODULE_NAME = "$(TARGET_NAME)";
				PRODUCT_NAME = "$(TARGET_NAME)";
				SWIFT_OBJC_BRIDGING_HEADER = "Classes/ADLoadingViewSample-Bridging-Header.h";
				SWIFT_VERSION = 3.0;
				WRAPPER_EXTENSION = app;
			};
			name = Distribution;
		};
		EC1DBFDD1D3535C20095CF04 /* Stubs */ = {
			isa = XCBuildConfiguration;
			baseConfigurationReference = 0F0C2A2768ED0E0B52C95B01 /* Pods-ADLoadingViewSample_Apps-ADLoadingViewSample_TV.stubs.xcconfig */;
			buildSettings = {
				ALWAYS_EMBED_SWIFT_STANDARD_LIBRARIES = YES;
				ALWAYS_SEARCH_USER_PATHS = NO;
				CLANG_ANALYZER_NONNULL = YES;
				CLANG_CXX_LANGUAGE_STANDARD = "gnu++0x";
				CLANG_CXX_LIBRARY = "libc++";
				CLANG_ENABLE_MODULES = YES;
				CLANG_ENABLE_OBJC_ARC = YES;
				CLANG_WARN_BOOL_CONVERSION = YES;
				CLANG_WARN_CONSTANT_CONVERSION = YES;
				CLANG_WARN_DIRECT_OBJC_ISA_USAGE = YES_ERROR;
				CLANG_WARN_EMPTY_BODY = YES;
				CLANG_WARN_ENUM_CONVERSION = YES;
				CLANG_WARN_INT_CONVERSION = YES;
				CLANG_WARN_OBJC_ROOT_CLASS = YES_ERROR;
				CLANG_WARN_UNREACHABLE_CODE = YES;
				CLANG_WARN__DUPLICATE_METHOD_MATCH = YES;
				COPY_PHASE_STRIP = NO;
				DEBUG_INFORMATION_FORMAT = dwarf;
				ENABLE_STRICT_OBJC_MSGSEND = YES;
				ENABLE_TESTABILITY = YES;
				GCC_C_LANGUAGE_STANDARD = gnu99;
				GCC_DYNAMIC_NO_PIC = NO;
				GCC_NO_COMMON_BLOCKS = YES;
				GCC_OPTIMIZATION_LEVEL = 0;
				GCC_PREPROCESSOR_DEFINITIONS = (
					"DEBUG=1",
					"$(inherited)",
				);
				GCC_WARN_64_TO_32_BIT_CONVERSION = YES;
				GCC_WARN_ABOUT_RETURN_TYPE = YES_ERROR;
				GCC_WARN_UNDECLARED_SELECTOR = YES;
				GCC_WARN_UNINITIALIZED_AUTOS = YES_AGGRESSIVE;
				GCC_WARN_UNUSED_FUNCTION = YES;
				GCC_WARN_UNUSED_VARIABLE = YES;
				INFOPLIST_FILE = "$(SRCROOT)/Configuration/ADLoadingViewSample_TV/ADLoadingViewSample_TV-Info.plist";
				LD_RUNPATH_SEARCH_PATHS = "$(inherited) @executable_path/Frameworks";
				MTL_ENABLE_DEBUG_INFO = YES;
				ONLY_ACTIVE_ARCH = YES;
				PRODUCT_BUNDLE_IDENTIFIER = "applidium.ADLoadingViewSample-TV";
				PRODUCT_NAME = "$(TARGET_NAME)";
				SDKROOT = appletvos;
				SWIFT_OBJC_BRIDGING_HEADER = "Classes/ADLoadingViewSample-Bridging-Header.h";
				SWIFT_VERSION = 3.0;
				TARGETED_DEVICE_FAMILY = 3;
				TVOS_DEPLOYMENT_TARGET = 9.2;
			};
			name = Stubs;
		};
		EC1DBFDE1D3535C20095CF04 /* Preproduction */ = {
			isa = XCBuildConfiguration;
			baseConfigurationReference = 008281FFE9505E405FA078AD /* Pods-ADLoadingViewSample_Apps-ADLoadingViewSample_TV.preproduction.xcconfig */;
			buildSettings = {
				ALWAYS_EMBED_SWIFT_STANDARD_LIBRARIES = YES;
				ALWAYS_SEARCH_USER_PATHS = NO;
				CLANG_ANALYZER_NONNULL = YES;
				CLANG_CXX_LANGUAGE_STANDARD = "gnu++0x";
				CLANG_CXX_LIBRARY = "libc++";
				CLANG_ENABLE_MODULES = YES;
				CLANG_ENABLE_OBJC_ARC = YES;
				CLANG_WARN_BOOL_CONVERSION = YES;
				CLANG_WARN_CONSTANT_CONVERSION = YES;
				CLANG_WARN_DIRECT_OBJC_ISA_USAGE = YES_ERROR;
				CLANG_WARN_EMPTY_BODY = YES;
				CLANG_WARN_ENUM_CONVERSION = YES;
				CLANG_WARN_INT_CONVERSION = YES;
				CLANG_WARN_OBJC_ROOT_CLASS = YES_ERROR;
				CLANG_WARN_UNREACHABLE_CODE = YES;
				CLANG_WARN__DUPLICATE_METHOD_MATCH = YES;
				COPY_PHASE_STRIP = NO;
				DEBUG_INFORMATION_FORMAT = "dwarf-with-dsym";
				ENABLE_NS_ASSERTIONS = NO;
				ENABLE_STRICT_OBJC_MSGSEND = YES;
				GCC_C_LANGUAGE_STANDARD = gnu99;
				GCC_NO_COMMON_BLOCKS = YES;
				GCC_WARN_64_TO_32_BIT_CONVERSION = YES;
				GCC_WARN_ABOUT_RETURN_TYPE = YES_ERROR;
				GCC_WARN_UNDECLARED_SELECTOR = YES;
				GCC_WARN_UNINITIALIZED_AUTOS = YES_AGGRESSIVE;
				GCC_WARN_UNUSED_FUNCTION = YES;
				GCC_WARN_UNUSED_VARIABLE = YES;
				INFOPLIST_FILE = "$(SRCROOT)/Configuration/ADLoadingViewSample_TV/ADLoadingViewSample_TV-Info.plist";
				LD_RUNPATH_SEARCH_PATHS = "$(inherited) @executable_path/Frameworks";
				MTL_ENABLE_DEBUG_INFO = NO;
				PRODUCT_BUNDLE_IDENTIFIER = "applidium.ADLoadingViewSample-TV";
				PRODUCT_NAME = "$(TARGET_NAME)";
				SDKROOT = appletvos;
				SWIFT_OBJC_BRIDGING_HEADER = "Classes/ADLoadingViewSample-Bridging-Header.h";
				SWIFT_VERSION = 3.0;
				TARGETED_DEVICE_FAMILY = 3;
				TVOS_DEPLOYMENT_TARGET = 9.2;
				VALIDATE_PRODUCT = YES;
			};
			name = Preproduction;
		};
		EC1DBFDF1D3535C20095CF04 /* Production */ = {
			isa = XCBuildConfiguration;
			baseConfigurationReference = ED024FBADECD5B63F5D650B5 /* Pods-ADLoadingViewSample_Apps-ADLoadingViewSample_TV.production.xcconfig */;
			buildSettings = {
				ALWAYS_EMBED_SWIFT_STANDARD_LIBRARIES = YES;
				ALWAYS_SEARCH_USER_PATHS = NO;
				CLANG_ANALYZER_NONNULL = YES;
				CLANG_CXX_LANGUAGE_STANDARD = "gnu++0x";
				CLANG_CXX_LIBRARY = "libc++";
				CLANG_ENABLE_MODULES = YES;
				CLANG_ENABLE_OBJC_ARC = YES;
				CLANG_WARN_BOOL_CONVERSION = YES;
				CLANG_WARN_CONSTANT_CONVERSION = YES;
				CLANG_WARN_DIRECT_OBJC_ISA_USAGE = YES_ERROR;
				CLANG_WARN_EMPTY_BODY = YES;
				CLANG_WARN_ENUM_CONVERSION = YES;
				CLANG_WARN_INT_CONVERSION = YES;
				CLANG_WARN_OBJC_ROOT_CLASS = YES_ERROR;
				CLANG_WARN_UNREACHABLE_CODE = YES;
				CLANG_WARN__DUPLICATE_METHOD_MATCH = YES;
				COPY_PHASE_STRIP = NO;
				DEBUG_INFORMATION_FORMAT = "dwarf-with-dsym";
				ENABLE_NS_ASSERTIONS = NO;
				ENABLE_STRICT_OBJC_MSGSEND = YES;
				GCC_C_LANGUAGE_STANDARD = gnu99;
				GCC_NO_COMMON_BLOCKS = YES;
				GCC_WARN_64_TO_32_BIT_CONVERSION = YES;
				GCC_WARN_ABOUT_RETURN_TYPE = YES_ERROR;
				GCC_WARN_UNDECLARED_SELECTOR = YES;
				GCC_WARN_UNINITIALIZED_AUTOS = YES_AGGRESSIVE;
				GCC_WARN_UNUSED_FUNCTION = YES;
				GCC_WARN_UNUSED_VARIABLE = YES;
				INFOPLIST_FILE = "$(SRCROOT)/Configuration/ADLoadingViewSample_TV/ADLoadingViewSample_TV-Info.plist";
				LD_RUNPATH_SEARCH_PATHS = "$(inherited) @executable_path/Frameworks";
				MTL_ENABLE_DEBUG_INFO = NO;
				PRODUCT_BUNDLE_IDENTIFIER = "applidium.ADLoadingViewSample-TV";
				PRODUCT_NAME = "$(TARGET_NAME)";
				SDKROOT = appletvos;
				SWIFT_OBJC_BRIDGING_HEADER = "Classes/ADLoadingViewSample-Bridging-Header.h";
				SWIFT_VERSION = 3.0;
				TARGETED_DEVICE_FAMILY = 3;
				TVOS_DEPLOYMENT_TARGET = 9.2;
				VALIDATE_PRODUCT = YES;
			};
			name = Production;
		};
		EC1DBFE01D3535C20095CF04 /* Distribution */ = {
			isa = XCBuildConfiguration;
			baseConfigurationReference = A025C46E69C496D305E99A39 /* Pods-ADLoadingViewSample_Apps-ADLoadingViewSample_TV.distribution.xcconfig */;
			buildSettings = {
				ALWAYS_EMBED_SWIFT_STANDARD_LIBRARIES = YES;
				ALWAYS_SEARCH_USER_PATHS = NO;
				CLANG_ANALYZER_NONNULL = YES;
				CLANG_CXX_LANGUAGE_STANDARD = "gnu++0x";
				CLANG_CXX_LIBRARY = "libc++";
				CLANG_ENABLE_MODULES = YES;
				CLANG_ENABLE_OBJC_ARC = YES;
				CLANG_WARN_BOOL_CONVERSION = YES;
				CLANG_WARN_CONSTANT_CONVERSION = YES;
				CLANG_WARN_DIRECT_OBJC_ISA_USAGE = YES_ERROR;
				CLANG_WARN_EMPTY_BODY = YES;
				CLANG_WARN_ENUM_CONVERSION = YES;
				CLANG_WARN_INT_CONVERSION = YES;
				CLANG_WARN_OBJC_ROOT_CLASS = YES_ERROR;
				CLANG_WARN_UNREACHABLE_CODE = YES;
				CLANG_WARN__DUPLICATE_METHOD_MATCH = YES;
				COPY_PHASE_STRIP = NO;
				DEBUG_INFORMATION_FORMAT = "dwarf-with-dsym";
				ENABLE_NS_ASSERTIONS = NO;
				ENABLE_STRICT_OBJC_MSGSEND = YES;
				GCC_C_LANGUAGE_STANDARD = gnu99;
				GCC_NO_COMMON_BLOCKS = YES;
				GCC_WARN_64_TO_32_BIT_CONVERSION = YES;
				GCC_WARN_ABOUT_RETURN_TYPE = YES_ERROR;
				GCC_WARN_UNDECLARED_SELECTOR = YES;
				GCC_WARN_UNINITIALIZED_AUTOS = YES_AGGRESSIVE;
				GCC_WARN_UNUSED_FUNCTION = YES;
				GCC_WARN_UNUSED_VARIABLE = YES;
				INFOPLIST_FILE = "$(SRCROOT)/Configuration/ADLoadingViewSample_TV/ADLoadingViewSample_TV-Info.plist";
				LD_RUNPATH_SEARCH_PATHS = "$(inherited) @executable_path/Frameworks";
				MTL_ENABLE_DEBUG_INFO = NO;
				PRODUCT_BUNDLE_IDENTIFIER = "applidium.ADLoadingViewSample-TV";
				PRODUCT_NAME = "$(TARGET_NAME)";
				SDKROOT = appletvos;
				SWIFT_OBJC_BRIDGING_HEADER = "Classes/ADLoadingViewSample-Bridging-Header.h";
				SWIFT_VERSION = 3.0;
				TARGETED_DEVICE_FAMILY = 3;
				TVOS_DEPLOYMENT_TARGET = 9.2;
				VALIDATE_PRODUCT = YES;
			};
			name = Distribution;
		};
		F88C93CE1A66D9D8009EB642 /* Preproduction */ = {
			isa = XCBuildConfiguration;
			buildSettings = {
				ALWAYS_SEARCH_USER_PATHS = NO;
				CLANG_ALLOW_NON_MODULAR_INCLUDES_IN_FRAMEWORK_MODULES = YES;
				CLANG_ENABLE_MODULES = YES;
				CLANG_WARN_BOOL_CONVERSION = YES;
				CLANG_WARN_CONSTANT_CONVERSION = YES;
				CLANG_WARN_EMPTY_BODY = YES;
				CLANG_WARN_ENUM_CONVERSION = YES;
				CLANG_WARN_INFINITE_RECURSION = YES;
				CLANG_WARN_INT_CONVERSION = YES;
				CLANG_WARN_SUSPICIOUS_MOVE = YES;
				CLANG_WARN_UNREACHABLE_CODE = YES;
				CLANG_WARN__DUPLICATE_METHOD_MATCH = YES;
				COPY_PHASE_STRIP = NO;
				CURRENT_PROJECT_VERSION = 1;
				ENABLE_STRICT_OBJC_MSGSEND = YES;
				GCC_C_LANGUAGE_STANDARD = gnu99;
				GCC_DYNAMIC_NO_PIC = NO;
				GCC_NO_COMMON_BLOCKS = YES;
				GCC_OPTIMIZATION_LEVEL = 0;
				GCC_PREPROCESSOR_DEFINITIONS = "CONFIGURATION=$(CONFIGURATION)";
				GCC_SYMBOLS_PRIVATE_EXTERN = NO;
				GCC_VERSION = com.apple.compilers.llvm.clang.1_0;
				GCC_WARN_64_TO_32_BIT_CONVERSION = YES;
				GCC_WARN_ABOUT_RETURN_TYPE = YES;
				GCC_WARN_UNDECLARED_SELECTOR = YES;
				GCC_WARN_UNINITIALIZED_AUTOS = YES;
				GCC_WARN_UNUSED_FUNCTION = YES;
				GCC_WARN_UNUSED_VARIABLE = YES;
				IPHONEOS_DEPLOYMENT_TARGET = 8.0;
				PROVISIONING_PROFILE = "$(PROFILE_UDID)";
				SDKROOT = iphoneos;
				VERSIONING_SYSTEM = "apple-generic";
			};
			name = Preproduction;
		};
		F88C93CF1A66D9D8009EB642 /* Preproduction */ = {
			isa = XCBuildConfiguration;
			baseConfigurationReference = B9FEF56F25C08D1BCB08845E /* Pods-ADLoadingViewSample_Apps-ADLoadingViewSample.preproduction.xcconfig */;
			buildSettings = {
				ALWAYS_EMBED_SWIFT_STANDARD_LIBRARIES = YES;
				ASSETCATALOG_COMPILER_APPICON_NAME = AppIcon;
				CLANG_ENABLE_MODULES = YES;
				CLANG_ENABLE_OBJC_ARC = YES;
				GCC_PRECOMPILE_PREFIX_HEADER = YES;
				GCC_PREFIX_HEADER = "ADLoadingViewSample-Prefix.pch";
				INFOPLIST_FILE = "Configuration/ADLoadingViewSample/ADLoadingViewSample-Info.plist";
				LD_RUNPATH_SEARCH_PATHS = "$(inherited) @executable_path/Frameworks";
				PRODUCT_BUNDLE_IDENTIFIER = "com.applidium.${PRODUCT_NAME:rfc1034identifier}";
				PRODUCT_MODULE_NAME = "$(TARGET_NAME)";
				PRODUCT_NAME = "AD Preprod";
				SWIFT_OBJC_BRIDGING_HEADER = "Classes/ADLoadingViewSample-Bridging-Header.h";
				SWIFT_OPTIMIZATION_LEVEL = "-Onone";
				SWIFT_VERSION = 3.0;
				WRAPPER_EXTENSION = app;
			};
			name = Preproduction;
		};
		F88C93D01A66DA0D009EB642 /* Production */ = {
			isa = XCBuildConfiguration;
			buildSettings = {
				ALWAYS_SEARCH_USER_PATHS = NO;
				CLANG_ALLOW_NON_MODULAR_INCLUDES_IN_FRAMEWORK_MODULES = YES;
				CLANG_ENABLE_MODULES = YES;
				CLANG_WARN_BOOL_CONVERSION = YES;
				CLANG_WARN_CONSTANT_CONVERSION = YES;
				CLANG_WARN_EMPTY_BODY = YES;
				CLANG_WARN_ENUM_CONVERSION = YES;
				CLANG_WARN_INFINITE_RECURSION = YES;
				CLANG_WARN_INT_CONVERSION = YES;
				CLANG_WARN_SUSPICIOUS_MOVE = YES;
				CLANG_WARN_UNREACHABLE_CODE = YES;
				CLANG_WARN__DUPLICATE_METHOD_MATCH = YES;
				COPY_PHASE_STRIP = NO;
				CURRENT_PROJECT_VERSION = 1;
				ENABLE_STRICT_OBJC_MSGSEND = YES;
				GCC_C_LANGUAGE_STANDARD = gnu99;
				GCC_DYNAMIC_NO_PIC = NO;
				GCC_NO_COMMON_BLOCKS = YES;
				GCC_OPTIMIZATION_LEVEL = 0;
				GCC_PREPROCESSOR_DEFINITIONS = "CONFIGURATION=$(CONFIGURATION)";
				GCC_SYMBOLS_PRIVATE_EXTERN = NO;
				GCC_VERSION = com.apple.compilers.llvm.clang.1_0;
				GCC_WARN_64_TO_32_BIT_CONVERSION = YES;
				GCC_WARN_ABOUT_RETURN_TYPE = YES;
				GCC_WARN_UNDECLARED_SELECTOR = YES;
				GCC_WARN_UNINITIALIZED_AUTOS = YES;
				GCC_WARN_UNUSED_FUNCTION = YES;
				GCC_WARN_UNUSED_VARIABLE = YES;
				IPHONEOS_DEPLOYMENT_TARGET = 8.0;
				PROVISIONING_PROFILE = "$(PROFILE_UDID)";
				SDKROOT = iphoneos;
				VERSIONING_SYSTEM = "apple-generic";
			};
			name = Production;
		};
		F88C93D11A66DA0D009EB642 /* Production */ = {
			isa = XCBuildConfiguration;
			baseConfigurationReference = 50EAC524C507CF75287AC9D5 /* Pods-ADLoadingViewSample_Apps-ADLoadingViewSample.production.xcconfig */;
			buildSettings = {
				ALWAYS_EMBED_SWIFT_STANDARD_LIBRARIES = YES;
				ASSETCATALOG_COMPILER_APPICON_NAME = AppIcon;
				CLANG_ENABLE_MODULES = YES;
				CLANG_ENABLE_OBJC_ARC = YES;
				GCC_PRECOMPILE_PREFIX_HEADER = YES;
				GCC_PREFIX_HEADER = "ADLoadingViewSample-Prefix.pch";
				INFOPLIST_FILE = "Configuration/ADLoadingViewSample/ADLoadingViewSample-Info.plist";
				LD_RUNPATH_SEARCH_PATHS = "$(inherited) @executable_path/Frameworks";
				PRODUCT_BUNDLE_IDENTIFIER = "com.applidium.${PRODUCT_NAME:rfc1034identifier}";
				PRODUCT_MODULE_NAME = "$(TARGET_NAME)";
				PRODUCT_NAME = "$(TARGET_NAME)";
				SWIFT_OBJC_BRIDGING_HEADER = "Classes/ADLoadingViewSample-Bridging-Header.h";
				SWIFT_OPTIMIZATION_LEVEL = "-Onone";
				SWIFT_VERSION = 3.0;
				WRAPPER_EXTENSION = app;
			};
			name = Production;
		};
/* End XCBuildConfiguration section */

/* Begin XCConfigurationList section */
		49B1F7891CE4B3DB00A29BFE /* Build configuration list for PBXNativeTarget "ADLoadingViewSampleTests" */ = {
			isa = XCConfigurationList;
			buildConfigurations = (
				49B1F7851CE4B3DB00A29BFE /* Stubs */,
				49B1F7861CE4B3DB00A29BFE /* Preproduction */,
				49B1F7871CE4B3DB00A29BFE /* Production */,
				49B1F7881CE4B3DB00A29BFE /* Distribution */,
			);
			defaultConfigurationIsVisible = 0;
			defaultConfigurationName = Distribution;
		};
		7A0EC6491535D8ED00E5F54A /* Build configuration list for PBXProject "ADLoadingViewSample" */ = {
			isa = XCConfigurationList;
			buildConfigurations = (
				7A0EC6651535D8ED00E5F54A /* Stubs */,
				F88C93CE1A66D9D8009EB642 /* Preproduction */,
				F88C93D01A66DA0D009EB642 /* Production */,
				7A6BEEF71536FE3D0075E2A7 /* Distribution */,
			);
			defaultConfigurationIsVisible = 0;
			defaultConfigurationName = Distribution;
		};
		7A0EC6671535D8ED00E5F54A /* Build configuration list for PBXNativeTarget "ADLoadingViewSample" */ = {
			isa = XCConfigurationList;
			buildConfigurations = (
				7A0EC6681535D8ED00E5F54A /* Stubs */,
				F88C93CF1A66D9D8009EB642 /* Preproduction */,
				F88C93D11A66DA0D009EB642 /* Production */,
				7A6BEEF81536FE3D0075E2A7 /* Distribution */,
			);
			defaultConfigurationIsVisible = 0;
			defaultConfigurationName = Distribution;
		};
		EC1DBFE11D3535C20095CF04 /* Build configuration list for PBXNativeTarget "ADLoadingViewSample_TV" */ = {
			isa = XCConfigurationList;
			buildConfigurations = (
				EC1DBFDD1D3535C20095CF04 /* Stubs */,
				EC1DBFDE1D3535C20095CF04 /* Preproduction */,
				EC1DBFDF1D3535C20095CF04 /* Production */,
				EC1DBFE01D3535C20095CF04 /* Distribution */,
			);
			defaultConfigurationIsVisible = 0;
			defaultConfigurationName = Distribution;
		};
/* End XCConfigurationList section */
	};
	rootObject = 7A0EC6461535D8ED00E5F54A /* Project object */;
}
